{
  "version": 4,
  "terraform_version": "1.9.3",
  "serial": 26,
  "lineage": "a81bcfcd-b862-a310-9e93-eba48a7e43fe",
  "outputs": {},
  "resources": [
    {
      "mode": "managed",
      "type": "azurerm_container_registry",
      "name": "acr",
      "provider": "provider[\"registry.terraform.io/hashicorp/azurerm\"]",
      "instances": [
        {
          "schema_version": 2,
          "attributes": {
            "admin_enabled": false,
            "admin_password": "",
            "admin_username": "",
            "anonymous_pull_enabled": false,
            "data_endpoint_enabled": false,
            "encryption": [
              {
                "enabled": false,
                "identity_client_id": "",
                "key_vault_key_id": ""
              }
            ],
            "export_policy_enabled": true,
            "georeplications": [],
            "id": "/subscriptions/019b389a-bbcd-4a53-89ea-e65cbf7bce18/resourceGroups/micro-application/providers/Microsoft.ContainerRegistry/registries/mtarekacr1234",
            "identity": [],
            "location": "eastus",
            "login_server": "mtarekacr1234.azurecr.io",
            "name": "mtarekacr1234",
            "network_rule_bypass_option": "AzureServices",
            "network_rule_set": [],
            "public_network_access_enabled": true,
            "quarantine_policy_enabled": false,
            "resource_group_name": "micro-application",
            "retention_policy": [
              {
                "days": 7,
                "enabled": false
              }
            ],
            "sku": "Basic",
            "tags": {},
            "timeouts": null,
            "trust_policy": [
              {
                "enabled": false
              }
            ],
            "zone_redundancy_enabled": false
          },
          "sensitive_attributes": [
            [
              {
                "type": "get_attr",
                "value": "admin_password"
              }
            ]
          ],
          "private": "eyJlMmJmYjczMC1lY2FhLTExZTYtOGY4OC0zNDM2M2JjN2M0YzAiOnsiY3JlYXRlIjoxODAwMDAwMDAwMDAwLCJkZWxldGUiOjE4MDAwMDAwMDAwMDAsInJlYWQiOjMwMDAwMDAwMDAwMCwidXBkYXRlIjoxODAwMDAwMDAwMDAwfSwic2NoZW1hX3ZlcnNpb24iOiIyIn0=",
          "dependencies": [
            "azurerm_resource_group.main"
          ]
        }
      ]
    },
    {
      "mode": "managed",
      "type": "azurerm_resource_group",
      "name": "main",
      "provider": "provider[\"registry.terraform.io/hashicorp/azurerm\"]",
      "instances": [
        {
          "schema_version": 0,
          "attributes": {
            "id": "/subscriptions/019b389a-bbcd-4a53-89ea-e65cbf7bce18/resourceGroups/micro-application",
            "location": "eastus",
            "managed_by": "",
            "name": "micro-application",
            "tags": {
              "Application": "micro",
              "Author": "Mostafa (Melsayed)"
            },
            "timeouts": null
          },
          "sensitive_attributes": [],
          "private": "eyJlMmJmYjczMC1lY2FhLTExZTYtOGY4OC0zNDM2M2JjN2M0YzAiOnsiY3JlYXRlIjo1NDAwMDAwMDAwMDAwLCJkZWxldGUiOjU0MDAwMDAwMDAwMDAsInJlYWQiOjMwMDAwMDAwMDAwMCwidXBkYXRlIjo1NDAwMDAwMDAwMDAwfX0=",
          "create_before_destroy": true
        }
      ]
    },
    {
      "module": "module.aks",
      "mode": "data",
      "type": "azurerm_client_config",
      "name": "this",
      "provider": "provider[\"registry.terraform.io/hashicorp/azurerm\"]",
      "instances": [
        {
          "schema_version": 0,
          "attributes": {
            "client_id": "31c1db69-d0b1-467a-a74a-1ca720a9d608",
            "id": "Y2xpZW50Q29uZmlncy9jbGllbnRJZD0zMWMxZGI2OS1kMGIxLTQ2N2EtYTc0YS0xY2E3MjBhOWQ2MDg7b2JqZWN0SWQ9YjlhMzFiNWItMmI0My00ZWJiLWI3OGUtYjRkZmZmN2NiMjBlO3N1YnNjcmlwdGlvbklkPTAxOWIzODlhLWJiY2QtNGE1My04OWVhLWU2NWNiZjdiY2UxODt0ZW5hbnRJZD1lYWY2MjRjOC1hMGM0LTQxOTUtODdkMi00NDNlNWQ3NTE2Y2Q=",
            "object_id": "b9a31b5b-2b43-4ebb-b78e-b4dfff7cb20e",
            "subscription_id": "019b389a-bbcd-4a53-89ea-e65cbf7bce18",
            "tenant_id": "eaf624c8-a0c4-4195-87d2-443e5d7516cd",
            "timeouts": null
          },
          "sensitive_attributes": []
        }
      ]
    },
    {
      "module": "module.aks",
      "mode": "data",
      "type": "azurerm_resource_group",
      "name": "aks_rg",
      "provider": "provider[\"registry.terraform.io/hashicorp/azurerm\"]",
      "instances": [
        {
          "index_key": 0,
          "schema_version": 0,
          "attributes": {
            "id": "/subscriptions/019b389a-bbcd-4a53-89ea-e65cbf7bce18/resourceGroups/micro-application",
            "location": "eastus",
            "managed_by": "",
            "name": "micro-application",
            "tags": {
              "Application": "micro",
              "Author": "Mostafa (Melsayed)"
            },
            "timeouts": null
          },
          "sensitive_attributes": []
        }
      ]
    },
    {
      "module": "module.aks",
      "mode": "data",
      "type": "azurerm_resource_group",
      "name": "main",
      "provider": "provider[\"registry.terraform.io/hashicorp/azurerm\"]",
      "instances": [
        {
          "schema_version": 0,
          "attributes": {
            "id": "/subscriptions/019b389a-bbcd-4a53-89ea-e65cbf7bce18/resourceGroups/micro-application",
            "location": "eastus",
            "managed_by": "",
            "name": "micro-application",
            "tags": {
              "Application": "micro",
              "Author": "Mostafa (Melsayed)"
            },
            "timeouts": null
          },
          "sensitive_attributes": []
        }
      ]
    },
    {
      "module": "module.aks",
      "mode": "data",
      "type": "azurerm_user_assigned_identity",
      "name": "cluster_identity",
      "provider": "provider[\"registry.terraform.io/hashicorp/azurerm\"]",
      "instances": []
    },
    {
      "module": "module.aks",
      "mode": "managed",
      "type": "azurerm_kubernetes_cluster",
      "name": "main",
      "provider": "provider[\"registry.terraform.io/hashicorp/azurerm\"]",
      "instances": [
        {
          "schema_version": 2,
          "attributes": {
            "aci_connector_linux": [],
            "api_server_access_profile": [],
            "api_server_authorized_ip_ranges": [],
            "auto_scaler_profile": [
              {
                "balance_similar_node_groups": false,
                "empty_bulk_delete_max": "10",
                "expander": "random",
                "max_graceful_termination_sec": "600",
                "max_node_provisioning_time": "15m",
                "max_unready_nodes": 3,
                "max_unready_percentage": 45,
                "new_pod_scale_up_delay": "0s",
                "scale_down_delay_after_add": "10m",
                "scale_down_delay_after_delete": "10s",
                "scale_down_delay_after_failure": "3m",
                "scale_down_unneeded": "10m",
                "scale_down_unready": "20m",
                "scale_down_utilization_threshold": "0.5",
                "scan_interval": "10s",
                "skip_nodes_with_local_storage": false,
                "skip_nodes_with_system_pods": true
              }
            ],
            "automatic_channel_upgrade": "",
            "azure_active_directory_role_based_access_control": [],
            "azure_policy_enabled": false,
            "confidential_computing": [],
            "cost_analysis_enabled": false,
            "current_kubernetes_version": "1.30.5",
            "custom_ca_trust_certificates_base64": [],
            "default_node_pool": [
              {
                "capacity_reservation_group_id": "",
                "custom_ca_trust_enabled": false,
                "enable_auto_scaling": true,
                "enable_host_encryption": false,
                "enable_node_public_ip": false,
                "fips_enabled": false,
                "gpu_instance": "",
                "host_group_id": "",
                "kubelet_config": [],
                "kubelet_disk_type": "OS",
                "linux_os_config": [],
                "max_count": 3,
                "max_pods": 30,
                "message_of_the_day": "",
                "min_count": 1,
                "name": "system",
                "node_count": 1,
                "node_labels": {
                  "nodepool": "defaultnodepool"
                },
                "node_network_profile": [],
                "node_public_ip_prefix_id": "",
                "node_taints": [],
                "only_critical_addons_enabled": false,
                "orchestrator_version": "1.30",
                "os_disk_size_gb": 30,
                "os_disk_type": "Managed",
                "os_sku": "Ubuntu",
                "pod_subnet_id": "",
                "proximity_placement_group_id": "",
                "scale_down_mode": "Delete",
                "snapshot_id": "",
                "tags": {
                  "Agent": "defaultnodepoolagent",
                  "Application": "micro",
                  "Author": "Mostafa (Melsayed)"
                },
                "temporary_name_for_rotation": "",
                "type": "VirtualMachineScaleSets",
                "ultra_ssd_enabled": false,
                "upgrade_settings": [
                  {
                    "drain_timeout_in_minutes": 0,
                    "max_surge": "10%",
                    "node_soak_duration_in_minutes": 0
                  }
                ],
                "vm_size": "Standard_D4_v3",
                "vnet_subnet_id": "/subscriptions/019b389a-bbcd-4a53-89ea-e65cbf7bce18/resourceGroups/micro-application/providers/Microsoft.Network/virtualNetworks/micro-application-vnet/subnets/aks",
                "workload_runtime": "",
                "zones": []
              }
            ],
            "disk_encryption_set_id": "",
            "dns_prefix": "micro-application-cluster",
            "dns_prefix_private_cluster": "",
            "edge_zone": "",
            "enable_pod_security_policy": false,
            "fqdn": "micro-application-cluster-8i7v5y3i.hcp.eastus.azmk8s.io",
            "http_application_routing_enabled": null,
            "http_application_routing_zone_name": null,
            "http_proxy_config": [],
            "id": "/subscriptions/019b389a-bbcd-4a53-89ea-e65cbf7bce18/resourceGroups/micro-application/providers/Microsoft.ContainerService/managedClusters/micro-application-cluster-aks",
            "identity": [
              {
                "identity_ids": [],
                "principal_id": "76fc2b5c-9aaa-4f86-8e56-94b4bf6ebfe6",
                "tenant_id": "eaf624c8-a0c4-4195-87d2-443e5d7516cd",
                "type": "SystemAssigned"
              }
            ],
            "image_cleaner_enabled": false,
            "image_cleaner_interval_hours": 48,
            "ingress_application_gateway": [],
            "key_management_service": [],
            "key_vault_secrets_provider": [],
            "kube_admin_config": [],
            "kube_admin_config_raw": "",
            "kube_config": [
              {
                "client_certificate": "LS0tLS1CRUdJTiBDRVJUSUZJQ0FURS0tLS0tCk1JSUZIakNDQXdhZ0F3SUJBZ0lSQU9pYkZLTEtxM2ROOXhGT2s0RTJzYTh3RFFZSktvWklodmNOQVFFTEJRQXcKRFRFTE1Ba0dBMVVFQXhNQ1kyRXdIaGNOTWpReE1UQXhNRGcwTXpJMldoY05Nall4TVRBeE1EZzFNekkyV2pBdwpNUmN3RlFZRFZRUUtFdzV6ZVhOMFpXMDZiV0Z6ZEdWeWN6RVZNQk1HQTFVRUF4TU1iV0Z6ZEdWeVkyeHBaVzUwCk1JSUNJakFOQmdrcWhraUc5dzBCQVFFRkFBT0NBZzhBTUlJQ0NnS0NBZ0VBd3MvSDIxWXRySnJVRVdBUUdpcksKOVA2bUh2c252N3VwVTluazkyeTd1Y2NmR3JzdE5EV05HTDEvbnArNk4venhEQ1pzYk5LM0hVVVBHNXU0bnlWWgpmdzRJTU5IL1hxMC9ndEZ4SUJGVVZUS2pmZzh5Z0NzMWIyT2k2djZReWcxeEVBSzNBbUhhU0R5bHpkVkZieDBpCmZtcnJSUjkzWmdjV05UWVp6NXJ4UXNvYk51WUNqS0F0OVFiZmQzeTlGUjNaM09pUmVBeDl5YU84QUc4L0w2STUKeGlBZjZsYkRFcldSMVJvQVJUenJsY2JnRmFWTGJPSStRdlJYdzFmaHhtMldNUy81SkJHMHZvUnk2aWtzSHN0TQo3OXVZNGhGcy9QMThqemFNQ0c5NFU1RzZFRDR2elRjNFNTd1lYeHFJNGUrMjBtMk1ONlg2TnIzNlc2Nk5ncWdUCnBZZ0phbVc0QzJrRTNPbGhueWg4YXhuY1h1amdzWHo5YzB0ZXhSY04zQ3V3M3ZJdGYwanV2dlZFajJIR05QQk0Kclk0NmJIM0Zwa2JQc28zZEZveEpqcVRJYzQvUlVxb21ma2RWN1U1blY0TTh3ejc4bVRuNHplUFF5MldEQ1pzUgpIZXRoRjUraUVOemRKdUpFTVN1dUw4cVYwV1IwSXhFQ0hubk1tMnk1ZC9ST1pPRVc0N1RnTTgrcnlibEhOWEYyCnJTQnFITHIrRTV5MGR2S28yMnpPc0JURDRHSFNPb1ZKZG9pMWdITnBndkJSQlFCaG9sUkwyQkFpeGNrZUJNOFQKYS8vL2hxMFhWdmk0a1pQQlVyanpzYTNlZkh3dEZ6MGUwdWNreUZNN2tCZUZaLzd0dXpCNXRSdlNBUzV0eldTVQpwbnZPTjE3elVmRTEyV0xMdXVzNTNRa0NBd0VBQWFOV01GUXdEZ1lEVlIwUEFRSC9CQVFEQWdXZ01CTUdBMVVkCkpRUU1NQW9HQ0NzR0FRVUZCd01DTUF3R0ExVWRFd0VCL3dRQ01BQXdId1lEVlIwakJCZ3dGb0FVMDNuN01vOUkKeVhYdmVlQmFFcG1iOHdQZDRpb3dEUVlKS29aSWh2Y05BUUVMQlFBRGdnSUJBTFRPVlI3SmVjKysyeWhqTmdFeAp2dDZwbGpCRitvdnZvT2NCWG1XeGtCdllUbFhoVU0rSzJpLzd4dlhlN21NYTBoenE4Mi9UVDBsRmQ3bDFYN1BwCit5cjJ4OHZCeEZuTlBmZDI2aStxdlZkK2hKQ1lkSlJvS2gyWmJhelcvdEhLbHdwUEdUT204ajFXa0h3YzZsRmwKWDczL1ljMDZRSW5aR085TW5LM0RWVWFmRG8rT1djR29icXdkY2xBZEZKL2V5WDdxM2FjL1IydkNGQ05oVWNSQQp0ZTJkVDJoQ3FGenV1aTg0QklwRUtzUDUreXVjenEvSWg2cW1EYkZSZXprajhKc2V4MzlDQ3BzeHgyMUhrd1BzCmFzMDBRNnBDQ1FqZU5xQ0xNV2NWMEdiNXlRSnhSaTVsbFJSNy9CK2lGWWZoMFRRZ1ptSElFQVRpZ2RKU1dmcjMKMEVZMmRhVjhjMmhMdHFTU01USmV1a3NhbXh2RXRWRWV0YWdYaDVOeGI2SXJ3L0RRMlNvcTMrTVVmbEw1VkhZZgp2dXFua0dUOElhekZzRytJcTByS3pJd3RPbnltSUJuZkVUUHU3MGoyNXBMSEwrWThZMHhxODNwS1JWY21ndmx5CmR1elYrSzNvNDVNTDZRUDRzWEtMMUZNZGpZY3J4Tjh1bGlyaVpvWWIyVTVpOGNxZW5xWGcrQWdkTSs1bldsNVUKd2RCbFRFZXpJb1NXRU1rdVZmTWcxOW0wTHFnUCs0RTdKaTZreE4rZllCeU9BNmpzZTF3bkVlckRBVDJ0TjNscQp2MU1wdzVMREtvTFV1dnhYWUppRFZnRnlSUWViRjdHNkc5RjBkRHNWbjNBWDcvWmNNN0VVTVlBMm42L1JxZUM5CkE3OU5SQnFuN1IzbjNGNzhWYzgvNkM5WgotLS0tLUVORCBDRVJUSUZJQ0FURS0tLS0tCg==",
                "client_key": "LS0tLS1CRUdJTiBSU0EgUFJJVkFURSBLRVktLS0tLQpNSUlKS0FJQkFBS0NBZ0VBd3MvSDIxWXRySnJVRVdBUUdpcks5UDZtSHZzbnY3dXBVOW5rOTJ5N3VjY2ZHcnN0Ck5EV05HTDEvbnArNk4venhEQ1pzYk5LM0hVVVBHNXU0bnlWWmZ3NElNTkgvWHEwL2d0RnhJQkZVVlRLamZnOHkKZ0NzMWIyT2k2djZReWcxeEVBSzNBbUhhU0R5bHpkVkZieDBpZm1yclJSOTNaZ2NXTlRZWno1cnhRc29iTnVZQwpqS0F0OVFiZmQzeTlGUjNaM09pUmVBeDl5YU84QUc4L0w2STV4aUFmNmxiREVyV1IxUm9BUlR6cmxjYmdGYVZMCmJPSStRdlJYdzFmaHhtMldNUy81SkJHMHZvUnk2aWtzSHN0TTc5dVk0aEZzL1AxOGp6YU1DRzk0VTVHNkVENHYKelRjNFNTd1lYeHFJNGUrMjBtMk1ONlg2TnIzNlc2Nk5ncWdUcFlnSmFtVzRDMmtFM09saG55aDhheG5jWHVqZwpzWHo5YzB0ZXhSY04zQ3V3M3ZJdGYwanV2dlZFajJIR05QQk1yWTQ2YkgzRnBrYlBzbzNkRm94SmpxVEljNC9SClVxb21ma2RWN1U1blY0TTh3ejc4bVRuNHplUFF5MldEQ1pzUkhldGhGNStpRU56ZEp1SkVNU3V1TDhxVjBXUjAKSXhFQ0hubk1tMnk1ZC9ST1pPRVc0N1RnTTgrcnlibEhOWEYyclNCcUhMcitFNXkwZHZLbzIyek9zQlRENEdIUwpPb1ZKZG9pMWdITnBndkJSQlFCaG9sUkwyQkFpeGNrZUJNOFRhLy8vaHEwWFZ2aTRrWlBCVXJqenNhM2VmSHd0CkZ6MGUwdWNreUZNN2tCZUZaLzd0dXpCNXRSdlNBUzV0eldTVXBudk9OMTd6VWZFMTJXTEx1dXM1M1FrQ0F3RUEKQVFLQ0FnQlZIT1NybnA0NzhEVkJGaUJTM21sbjJxNEhrU0dQc2xUTGpzSnJtM1QxT05zTkdjUXBNRkJpQThEegpNOFB2WERLUVpXVXZzbXhRZkhDYVZsRzJMbUpJa1gvZ25JOGU5VUJ2VGtSSGgycTZBbkxOeTZQN3ZXVU9NcERtCmJLd2pxdlcvMGYvVktaMXR2Qm1Rc1dJeHBxQUFiWVEyNGdXUGJQODE1bG9taXdKbmROZXBCNXNMaDV3c2xvRWgKdWp6K01kbVNtNFdhMXBKS2U1L1M3TWZGYnZJZzdyNGk2eDgxV0dETG94MkZJcFduRFltdnkxVUYwRjcxYjcyOApXZlFKZHEyTTlmRzY0WVYvUzJ6Tmc0bUVOcng1ZXc3empqdDQyT01IeXdRcFYxSlI2TFJMRG5CaUQ0TW03UDRFCjV4bnc1SU9Tc2t2MXNDMStwMGZ2c0hhaEkvL1lxTFRrbUFUeExFNFIwSWg1RlBaRWlPM09xeCtDRUtTdzlVSG8KUi9XYm45NmhBUXg2SVNOdlcrSGdmd3FyZW9GYy9SZEJ1NlJPMEllM3hQS1BKYm5RSTk4bGpqN3paVEttcWxragpyNnJQempvb25ZTjkxUW1oUlVUMUlkRHN6N2dVU2cyTTU1RnVXampQOFVJYXlRVzVqK1FVU2Rxdm1ObWN5WkFNClBZbERwY3Nwd05NeGN3UDVRRGR2TktJMUtSRDBmVjkwSm5xYzlzQ0g0U3ZQMS9QZ083NHg4R3I5NTZOakRwd3EKNXJXVWdTVDhiN2tQdkhZMXlaTk11VUlTeFZNSFR0M0dZcUxPbTNFaFNnazkxMHArcy8vdmltZnFUTkErZ0FOdAoyRm1qNE00WnhBU3p2ZW1uZHFTSURnOEpveDlpV0pHYXlaNFF3OUFVZDFIWVZTQVlVUUtDQVFFQXhISG9ybnNjCk9DSUVWWXZEMVFhSFcyRytUdmIrTWxlaXkxbS90TTVBTDJDTHpFVURsaW9sa2tUTzl1OVllRHZZV2ZzTXk5anoKSFNpWHB6TUtRcHZsbWs1cU1tUUVLa0FVRU4vUEd4VHhaMTBVelFjVjBaYUhuVlIxQmpuRWN5ampXNEZSQ2UvZgpYb2xaVFN0VnF5ZU1GWFdOdFRTeHArQStFTUVwMjF1M2trQkUyZkRoaDJuZnFlZ2JYb3B4TTM2Nm9IRUlXN21JClgyaE1aTnFFUiszZlo1MnBpMGIrWDlEVjYwK0tDRFM4MkdMZjR5UnMweTNZRWpKVlpjRnozMXBXenRMeHUyeU0KZ1ZVUHR4OE9XanBacnUrdzh1WGtVUWhWZVI5S0x1aUZOT3pITG5WNkZuZ3grRTA1ODZVc1RmWU1mRCtCbURjVQpoeGRMcTZIQTZiclRoUUtDQVFFQS9kOGNQNGppVjBhRUoxaVFrOTNOcGxZQ2ZDZ1VBdGFDWGhLbW5Qc3I5b0FCCndTamZiVHNZWG4ya2lDd2YwN0VabUwwNzdJNjgxRDhCWldlM1FrYWFDRUhBTjZGRi9KaVdTQmdoOTF4aHBhamkKbE56YUI1K0dVK0I2bkd3a2I1emdUZHR3bWNVaGFZVlRCYS8wbHE5NXUvVy81aFRoanZWdE1JWGFXMkNuMU0xZgpGa2JUMWYzQ3NxNmM2UlErbWp4aU05V05xYWdoZWV1UzUyVVpVaXlvWC95bXptclpSaXg5cUJiaTI0aUFlWFhYCm5BOFdybFM1VmROcUsxbUdxejBmY0dsRTdnSTRXc3h3S0YvLzNJSVhEZ3U5aGVkRWVhMW9IeWZvS2I5QUN2SW4KMDhoV3JkUVV2cTlrZVZVT0hEZGIxWEp4K2d3b1huOXUwQSttTkdJUXRRS0NBUUFYYTFFSEJBeEFNT1g5WU5VdQozMEZoeG94T2s2bUlUT1JPZzl1VDdZYS9YeTRyWXdyamF4RGhtQ3hvU2U1dEh3MVM1TmdJc1V1Q2JXVnUvR203CnVTUXRPaTMwNWZHTksraDRmb1lOUDNqc0RxKzlKWndYU1cvUGROTWlzOTVVc0VveWpYOGd4U1VHK3k3WFFWUk0KUEVHNkNUS2txS3lKUy9WNlA5MENsck9TenZDbVhzNDBPNDM3am4wOHp4cGh2amozaWFJcWRUcnB6T0JXb2FwbApmTmxHWEFoclgwSlNIKzV3eUNHM2lybjh2Z1RjNm1uQzMxTkVFQllZTkhEZzdyOHNsdjlVamNOT1k5cWt4U0lMCjVhcnRiUXZXV1V2WDBUdUhYaENVK1Fsd1hzMzhIdXM0Sklvb2hPUmt4SXM4bkJtdThrODcyMDBxTWIvR3JWajMKUkZ1VkFvSUJBQS9IRXZGYjUzMDNFN1dDU3BIMkFmYnBkNFFSMVpTTGtsU1lZaVIxYzdrQklackltSUlvWHc1WQpUcVpyMzVwL2NqRE02ZkY4dVgyVFlOblZoVTBvS0NDRlBaWDNmdXNBN0s0VVdlQU9yTDduN1JVRldNT0toWVdtCitOZkozTVhYQVJXMW9wemI1SVN6VllLUCtlcDNnMkJNR0o0TEJDMm5VUjduNHJjMUhaa2JIbUs3Q2lWTmZSRXYKeXU2dFpHcWZnQmJxbWNCR2c3WVpEdXMwbkV0QUhVTEI1L2dDS2ZpemdTZTJMR2txWlptbTJqeUhyNGdzR2N5Ywp0QWQzcStmdWg0cXI4QzIrazVRSkNwdG53L1lIVzdseXYxZVlGT2hlLzQ2WUkxU2MzelVPOGF5MjBiUkI3dndlCjJHYTJBNGQ3WlVpeHNTV3lKYndodlZoTzhLeG12OVVDZ2dFQkFKMXJ6b1kzelcwUFB1c2hPbE5tK25KU1ErNWIKdHZ5dnRHWDZzc1diaXlhQURKTHIzTVgwQ0hGUnRmVlRQSE5EeXZkUWQrNmgvVHYyQVAvYjNvaEszcXI2c1drZgpFTWVMNzYrRHdtN0xHMWVWaTVhMElKc3FLdlZRRUFDUkhoM0xWQXhza2NvdHgzblc4QmtyNTAwdjZ1UnVPQWRnClJSSERXNUluUCtrUTVsNVh5ZWRGOVVFcHc1eER6M0RPMVpGMFdsbmRJVFhuVVdBejZpS2lOdFZ0YTNPZTdnd00KTmxSTHpYYTBWK0RzcFhpd3JTdnVpaXdqWEc3QzVHNWZVcVp5bmRIQis1Wmtidm85MlBNQ0NmemRXRG0yTmsycwp2Z2pKa2lwTmE4VjFla1ZDczlTOWllRW9WL2N3NisrYUxXVzhnZFJLcW9IZnR3bHRKRnczUEcycnErUT0KLS0tLS1FTkQgUlNBIFBSSVZBVEUgS0VZLS0tLS0K",
                "cluster_ca_certificate": "LS0tLS1CRUdJTiBDRVJUSUZJQ0FURS0tLS0tCk1JSUU2VENDQXRHZ0F3SUJBZ0lSQVBDdmhoWHA1Q3k5N09sZ2hCRVNHajR3RFFZSktvWklodmNOQVFFTEJRQXcKRFRFTE1Ba0dBMVVFQXhNQ1kyRXdJQmNOTWpReE1UQXhNRGcwTXpJMldoZ1BNakExTkRFeE1ERXdPRFV6TWpaYQpNQTB4Q3pBSkJnTlZCQU1UQW1OaE1JSUNJakFOQmdrcWhraUc5dzBCQVFFRkFBT0NBZzhBTUlJQ0NnS0NBZ0VBCnRlbkxwRmZGaG5KNU9ZYWlHeENzWm4vUXRTbUF2L2FTZGpWcjNuQTloWUFDK1NKV1NKU011RjhpakVMd2JVNFEKYTNvZnBGMVpkODhxU05ZUXIrVHZjYklBTHh4cDlDaGxvdGR3VzBPVTBPWVpaYXBSV2FuMjVkcjNLeVovQlFrWAptampqbFUzWHJuMGdlb2RqQlpidzZ5M0lWRXhHVkp2dThlcFUwMHdEaXBYYllZa1hqWFl2S3F5bG5VMFNzVWloCm1jR0hMTXdiU25kWmJzS0lDeG92SE5hT2szWUxEZWUvaDFETkFuT3lxY044eHAyQjdMMWJ3L0RQYk1vSHZlS0YKck1GQjFxcE56UmJsZVVPazREemxyR3VoQ3dPeUZ5OVdBcnZxM3dlOTIwQW5zYzU1MmMzbFNpYWNCajJSRmQ3RwpYUGk1TTJMUW1KRmp4aHhNaTZ3QStTdEprSTIwUUNuckNHWWFLbmJvOU5adGNRNmJ1RDRudXlPRVVmR3NKc291CkN4aXFqYlV6Z2dHRGh5T1ArNGpaZEczVnc5aHZidXY1WEI3OGdnaS9tTFdFdVZXVUQ1WWdoQ1RBcU1vbGFqNWUKVVJjZ0szUkUxVkNwL2FzTC81UHRLb3hKR1ptMHAyTWk0M3g2RnRUTXFOWllpR0gyMmlmY05FYXB1VlRFTU5TawpPMnk0emFaVWtqNGFFSGFtY3RMRnBaTUhCWVFKemR5SnhXV29aYUJRQjF0VzVUN08yYkdvYUtySEo0UUtMdm9iClVtalZtdFBNL0gvWDBnUVFDSnNHSlpUWXdsZ2Z3YTkrd0NKQndQalN0OU5pL2F3RlQ2Z3NNQmVCeERBSFA1NFgKdlc3WWlFbW9LWll2M282UDF0UTBya2VQejArNmI4ZmdJcTNEcXZXd0hZa0NBd0VBQWFOQ01FQXdEZ1lEVlIwUApBUUgvQkFRREFnS2tNQThHQTFVZEV3RUIvd1FGTUFNQkFmOHdIUVlEVlIwT0JCWUVGTk41K3pLUFNNbDE3M25nCldoS1ptL01EM2VJcU1BMEdDU3FHU0liM0RRRUJDd1VBQTRJQ0FRQkM0QjVSeXFqYmhxYmtLSUV2eU5McEM2cGEKN1JMNnpaTVVYNFJDdExiK2JvZzlKU0xUVXBNT2p4dmNRditBZUNseGw1MGtvdjQyb1ROSEZJOXlrTTFnbTh1NApaMUVCdWY4OGVJdm9WRy8zMU5hMWw1Y052U0xtMlBmR0ZESlVkNmVodjE3TFZTRWltaWQ2enVEdFV1VjdHK0xPCmNIN1NmbW43SUlXT05oSkt5TEVPR1JYVm9Jd1V5MExUVmVJVjlxL1UwZ2lNeUxLN1orcDV0eXlVek4yQndvbE0KWTY3OFdPZGxhNDRMTitIY1RjTzJvWDNsdklvV1laVnRvbmxtSS9yN3h3b20wS2E0QmZxVkVUK3N0aWttb3VFWApaRXJvVEZGbmFpMlNzS3hyQ0NURWNaaWZoWHRwUFVzclZwYlhNUlVnanVrZloxYVlUQmlBY1dYUFpqK1ZjaVhYCnpWbFUzZXN0eWFRL1RCNTl3NmlXaHIwa21ETXZZVWVIZUp5eWwyL0czNThrdGtacmxHOEt6dFJPR1BKZy9JR0gKSytDNitoSW85UTZyUUxaNHc4UEpyVW40Y3g2RTZ6dUg4cEE2Wk4xNEdKMWJmbUtlMUxnVkxtL2hMakNtSTZRdwpMRnd2K0NmOUFKKzZIU3ZzWUNKUFNpbW1RZ3dRRFpQZzVRcW1BSlFhWW0vdEVxNWU2NlNXVjV5YTJ0Y281dUZEClZINUwyTDY2aHVHa0hDZHl0MnhoWVQvQ0N4WHlRTnVDRnBuMVJFZFMvaHp5Zy9kZy92WGJTdVZRdHo5eDNEVkgKbnZHMDBWR2J1UUVWazlidlMrMHNtN2IydXhFcmRuS1FvWVQxTDdUU2ZvRGNHOUNHcXROOEs3emF2NlI5ZkNKaAptck5GMzJGZlcrYTZaam5VSFE9PQotLS0tLUVORCBDRVJUSUZJQ0FURS0tLS0tCg==",
                "host": "https://micro-application-cluster-8i7v5y3i.hcp.eastus.azmk8s.io:443",
                "password": "dxqbuzlw4punl6hsu8t9qrl9mb30log0rvjm2lsu85kjaqs10duj8kzt9ydmyfbjxr0rfg66nenv2tkyhvrnq8ed077lalv6hvu83j503z02r68s661578ap6wrp4suv",
                "username": "clusterUser_micro-application_micro-application-cluster-aks"
              }
            ],
            "kube_config_raw": "apiVersion: v1\nclusters:\n- cluster:\n    certificate-authority-data: LS0tLS1CRUdJTiBDRVJUSUZJQ0FURS0tLS0tCk1JSUU2VENDQXRHZ0F3SUJBZ0lSQVBDdmhoWHA1Q3k5N09sZ2hCRVNHajR3RFFZSktvWklodmNOQVFFTEJRQXcKRFRFTE1Ba0dBMVVFQXhNQ1kyRXdJQmNOTWpReE1UQXhNRGcwTXpJMldoZ1BNakExTkRFeE1ERXdPRFV6TWpaYQpNQTB4Q3pBSkJnTlZCQU1UQW1OaE1JSUNJakFOQmdrcWhraUc5dzBCQVFFRkFBT0NBZzhBTUlJQ0NnS0NBZ0VBCnRlbkxwRmZGaG5KNU9ZYWlHeENzWm4vUXRTbUF2L2FTZGpWcjNuQTloWUFDK1NKV1NKU011RjhpakVMd2JVNFEKYTNvZnBGMVpkODhxU05ZUXIrVHZjYklBTHh4cDlDaGxvdGR3VzBPVTBPWVpaYXBSV2FuMjVkcjNLeVovQlFrWAptampqbFUzWHJuMGdlb2RqQlpidzZ5M0lWRXhHVkp2dThlcFUwMHdEaXBYYllZa1hqWFl2S3F5bG5VMFNzVWloCm1jR0hMTXdiU25kWmJzS0lDeG92SE5hT2szWUxEZWUvaDFETkFuT3lxY044eHAyQjdMMWJ3L0RQYk1vSHZlS0YKck1GQjFxcE56UmJsZVVPazREemxyR3VoQ3dPeUZ5OVdBcnZxM3dlOTIwQW5zYzU1MmMzbFNpYWNCajJSRmQ3RwpYUGk1TTJMUW1KRmp4aHhNaTZ3QStTdEprSTIwUUNuckNHWWFLbmJvOU5adGNRNmJ1RDRudXlPRVVmR3NKc291CkN4aXFqYlV6Z2dHRGh5T1ArNGpaZEczVnc5aHZidXY1WEI3OGdnaS9tTFdFdVZXVUQ1WWdoQ1RBcU1vbGFqNWUKVVJjZ0szUkUxVkNwL2FzTC81UHRLb3hKR1ptMHAyTWk0M3g2RnRUTXFOWllpR0gyMmlmY05FYXB1VlRFTU5TawpPMnk0emFaVWtqNGFFSGFtY3RMRnBaTUhCWVFKemR5SnhXV29aYUJRQjF0VzVUN08yYkdvYUtySEo0UUtMdm9iClVtalZtdFBNL0gvWDBnUVFDSnNHSlpUWXdsZ2Z3YTkrd0NKQndQalN0OU5pL2F3RlQ2Z3NNQmVCeERBSFA1NFgKdlc3WWlFbW9LWll2M282UDF0UTBya2VQejArNmI4ZmdJcTNEcXZXd0hZa0NBd0VBQWFOQ01FQXdEZ1lEVlIwUApBUUgvQkFRREFnS2tNQThHQTFVZEV3RUIvd1FGTUFNQkFmOHdIUVlEVlIwT0JCWUVGTk41K3pLUFNNbDE3M25nCldoS1ptL01EM2VJcU1BMEdDU3FHU0liM0RRRUJDd1VBQTRJQ0FRQkM0QjVSeXFqYmhxYmtLSUV2eU5McEM2cGEKN1JMNnpaTVVYNFJDdExiK2JvZzlKU0xUVXBNT2p4dmNRditBZUNseGw1MGtvdjQyb1ROSEZJOXlrTTFnbTh1NApaMUVCdWY4OGVJdm9WRy8zMU5hMWw1Y052U0xtMlBmR0ZESlVkNmVodjE3TFZTRWltaWQ2enVEdFV1VjdHK0xPCmNIN1NmbW43SUlXT05oSkt5TEVPR1JYVm9Jd1V5MExUVmVJVjlxL1UwZ2lNeUxLN1orcDV0eXlVek4yQndvbE0KWTY3OFdPZGxhNDRMTitIY1RjTzJvWDNsdklvV1laVnRvbmxtSS9yN3h3b20wS2E0QmZxVkVUK3N0aWttb3VFWApaRXJvVEZGbmFpMlNzS3hyQ0NURWNaaWZoWHRwUFVzclZwYlhNUlVnanVrZloxYVlUQmlBY1dYUFpqK1ZjaVhYCnpWbFUzZXN0eWFRL1RCNTl3NmlXaHIwa21ETXZZVWVIZUp5eWwyL0czNThrdGtacmxHOEt6dFJPR1BKZy9JR0gKSytDNitoSW85UTZyUUxaNHc4UEpyVW40Y3g2RTZ6dUg4cEE2Wk4xNEdKMWJmbUtlMUxnVkxtL2hMakNtSTZRdwpMRnd2K0NmOUFKKzZIU3ZzWUNKUFNpbW1RZ3dRRFpQZzVRcW1BSlFhWW0vdEVxNWU2NlNXVjV5YTJ0Y281dUZEClZINUwyTDY2aHVHa0hDZHl0MnhoWVQvQ0N4WHlRTnVDRnBuMVJFZFMvaHp5Zy9kZy92WGJTdVZRdHo5eDNEVkgKbnZHMDBWR2J1UUVWazlidlMrMHNtN2IydXhFcmRuS1FvWVQxTDdUU2ZvRGNHOUNHcXROOEs3emF2NlI5ZkNKaAptck5GMzJGZlcrYTZaam5VSFE9PQotLS0tLUVORCBDRVJUSUZJQ0FURS0tLS0tCg==\n    server: https://micro-application-cluster-8i7v5y3i.hcp.eastus.azmk8s.io:443\n  name: micro-application-cluster-aks\ncontexts:\n- context:\n    cluster: micro-application-cluster-aks\n    user: clusterUser_micro-application_micro-application-cluster-aks\n  name: micro-application-cluster-aks\ncurrent-context: micro-application-cluster-aks\nkind: Config\npreferences: {}\nusers:\n- name: clusterUser_micro-application_micro-application-cluster-aks\n  user:\n    client-certificate-data: LS0tLS1CRUdJTiBDRVJUSUZJQ0FURS0tLS0tCk1JSUZIakNDQXdhZ0F3SUJBZ0lSQU9pYkZLTEtxM2ROOXhGT2s0RTJzYTh3RFFZSktvWklodmNOQVFFTEJRQXcKRFRFTE1Ba0dBMVVFQXhNQ1kyRXdIaGNOTWpReE1UQXhNRGcwTXpJMldoY05Nall4TVRBeE1EZzFNekkyV2pBdwpNUmN3RlFZRFZRUUtFdzV6ZVhOMFpXMDZiV0Z6ZEdWeWN6RVZNQk1HQTFVRUF4TU1iV0Z6ZEdWeVkyeHBaVzUwCk1JSUNJakFOQmdrcWhraUc5dzBCQVFFRkFBT0NBZzhBTUlJQ0NnS0NBZ0VBd3MvSDIxWXRySnJVRVdBUUdpcksKOVA2bUh2c252N3VwVTluazkyeTd1Y2NmR3JzdE5EV05HTDEvbnArNk4venhEQ1pzYk5LM0hVVVBHNXU0bnlWWgpmdzRJTU5IL1hxMC9ndEZ4SUJGVVZUS2pmZzh5Z0NzMWIyT2k2djZReWcxeEVBSzNBbUhhU0R5bHpkVkZieDBpCmZtcnJSUjkzWmdjV05UWVp6NXJ4UXNvYk51WUNqS0F0OVFiZmQzeTlGUjNaM09pUmVBeDl5YU84QUc4L0w2STUKeGlBZjZsYkRFcldSMVJvQVJUenJsY2JnRmFWTGJPSStRdlJYdzFmaHhtMldNUy81SkJHMHZvUnk2aWtzSHN0TQo3OXVZNGhGcy9QMThqemFNQ0c5NFU1RzZFRDR2elRjNFNTd1lYeHFJNGUrMjBtMk1ONlg2TnIzNlc2Nk5ncWdUCnBZZ0phbVc0QzJrRTNPbGhueWg4YXhuY1h1amdzWHo5YzB0ZXhSY04zQ3V3M3ZJdGYwanV2dlZFajJIR05QQk0Kclk0NmJIM0Zwa2JQc28zZEZveEpqcVRJYzQvUlVxb21ma2RWN1U1blY0TTh3ejc4bVRuNHplUFF5MldEQ1pzUgpIZXRoRjUraUVOemRKdUpFTVN1dUw4cVYwV1IwSXhFQ0hubk1tMnk1ZC9ST1pPRVc0N1RnTTgrcnlibEhOWEYyCnJTQnFITHIrRTV5MGR2S28yMnpPc0JURDRHSFNPb1ZKZG9pMWdITnBndkJSQlFCaG9sUkwyQkFpeGNrZUJNOFQKYS8vL2hxMFhWdmk0a1pQQlVyanpzYTNlZkh3dEZ6MGUwdWNreUZNN2tCZUZaLzd0dXpCNXRSdlNBUzV0eldTVQpwbnZPTjE3elVmRTEyV0xMdXVzNTNRa0NBd0VBQWFOV01GUXdEZ1lEVlIwUEFRSC9CQVFEQWdXZ01CTUdBMVVkCkpRUU1NQW9HQ0NzR0FRVUZCd01DTUF3R0ExVWRFd0VCL3dRQ01BQXdId1lEVlIwakJCZ3dGb0FVMDNuN01vOUkKeVhYdmVlQmFFcG1iOHdQZDRpb3dEUVlKS29aSWh2Y05BUUVMQlFBRGdnSUJBTFRPVlI3SmVjKysyeWhqTmdFeAp2dDZwbGpCRitvdnZvT2NCWG1XeGtCdllUbFhoVU0rSzJpLzd4dlhlN21NYTBoenE4Mi9UVDBsRmQ3bDFYN1BwCit5cjJ4OHZCeEZuTlBmZDI2aStxdlZkK2hKQ1lkSlJvS2gyWmJhelcvdEhLbHdwUEdUT204ajFXa0h3YzZsRmwKWDczL1ljMDZRSW5aR085TW5LM0RWVWFmRG8rT1djR29icXdkY2xBZEZKL2V5WDdxM2FjL1IydkNGQ05oVWNSQQp0ZTJkVDJoQ3FGenV1aTg0QklwRUtzUDUreXVjenEvSWg2cW1EYkZSZXprajhKc2V4MzlDQ3BzeHgyMUhrd1BzCmFzMDBRNnBDQ1FqZU5xQ0xNV2NWMEdiNXlRSnhSaTVsbFJSNy9CK2lGWWZoMFRRZ1ptSElFQVRpZ2RKU1dmcjMKMEVZMmRhVjhjMmhMdHFTU01USmV1a3NhbXh2RXRWRWV0YWdYaDVOeGI2SXJ3L0RRMlNvcTMrTVVmbEw1VkhZZgp2dXFua0dUOElhekZzRytJcTByS3pJd3RPbnltSUJuZkVUUHU3MGoyNXBMSEwrWThZMHhxODNwS1JWY21ndmx5CmR1elYrSzNvNDVNTDZRUDRzWEtMMUZNZGpZY3J4Tjh1bGlyaVpvWWIyVTVpOGNxZW5xWGcrQWdkTSs1bldsNVUKd2RCbFRFZXpJb1NXRU1rdVZmTWcxOW0wTHFnUCs0RTdKaTZreE4rZllCeU9BNmpzZTF3bkVlckRBVDJ0TjNscQp2MU1wdzVMREtvTFV1dnhYWUppRFZnRnlSUWViRjdHNkc5RjBkRHNWbjNBWDcvWmNNN0VVTVlBMm42L1JxZUM5CkE3OU5SQnFuN1IzbjNGNzhWYzgvNkM5WgotLS0tLUVORCBDRVJUSUZJQ0FURS0tLS0tCg==\n    client-key-data: LS0tLS1CRUdJTiBSU0EgUFJJVkFURSBLRVktLS0tLQpNSUlKS0FJQkFBS0NBZ0VBd3MvSDIxWXRySnJVRVdBUUdpcks5UDZtSHZzbnY3dXBVOW5rOTJ5N3VjY2ZHcnN0Ck5EV05HTDEvbnArNk4venhEQ1pzYk5LM0hVVVBHNXU0bnlWWmZ3NElNTkgvWHEwL2d0RnhJQkZVVlRLamZnOHkKZ0NzMWIyT2k2djZReWcxeEVBSzNBbUhhU0R5bHpkVkZieDBpZm1yclJSOTNaZ2NXTlRZWno1cnhRc29iTnVZQwpqS0F0OVFiZmQzeTlGUjNaM09pUmVBeDl5YU84QUc4L0w2STV4aUFmNmxiREVyV1IxUm9BUlR6cmxjYmdGYVZMCmJPSStRdlJYdzFmaHhtMldNUy81SkJHMHZvUnk2aWtzSHN0TTc5dVk0aEZzL1AxOGp6YU1DRzk0VTVHNkVENHYKelRjNFNTd1lYeHFJNGUrMjBtMk1ONlg2TnIzNlc2Nk5ncWdUcFlnSmFtVzRDMmtFM09saG55aDhheG5jWHVqZwpzWHo5YzB0ZXhSY04zQ3V3M3ZJdGYwanV2dlZFajJIR05QQk1yWTQ2YkgzRnBrYlBzbzNkRm94SmpxVEljNC9SClVxb21ma2RWN1U1blY0TTh3ejc4bVRuNHplUFF5MldEQ1pzUkhldGhGNStpRU56ZEp1SkVNU3V1TDhxVjBXUjAKSXhFQ0hubk1tMnk1ZC9ST1pPRVc0N1RnTTgrcnlibEhOWEYyclNCcUhMcitFNXkwZHZLbzIyek9zQlRENEdIUwpPb1ZKZG9pMWdITnBndkJSQlFCaG9sUkwyQkFpeGNrZUJNOFRhLy8vaHEwWFZ2aTRrWlBCVXJqenNhM2VmSHd0CkZ6MGUwdWNreUZNN2tCZUZaLzd0dXpCNXRSdlNBUzV0eldTVXBudk9OMTd6VWZFMTJXTEx1dXM1M1FrQ0F3RUEKQVFLQ0FnQlZIT1NybnA0NzhEVkJGaUJTM21sbjJxNEhrU0dQc2xUTGpzSnJtM1QxT05zTkdjUXBNRkJpQThEegpNOFB2WERLUVpXVXZzbXhRZkhDYVZsRzJMbUpJa1gvZ25JOGU5VUJ2VGtSSGgycTZBbkxOeTZQN3ZXVU9NcERtCmJLd2pxdlcvMGYvVktaMXR2Qm1Rc1dJeHBxQUFiWVEyNGdXUGJQODE1bG9taXdKbmROZXBCNXNMaDV3c2xvRWgKdWp6K01kbVNtNFdhMXBKS2U1L1M3TWZGYnZJZzdyNGk2eDgxV0dETG94MkZJcFduRFltdnkxVUYwRjcxYjcyOApXZlFKZHEyTTlmRzY0WVYvUzJ6Tmc0bUVOcng1ZXc3empqdDQyT01IeXdRcFYxSlI2TFJMRG5CaUQ0TW03UDRFCjV4bnc1SU9Tc2t2MXNDMStwMGZ2c0hhaEkvL1lxTFRrbUFUeExFNFIwSWg1RlBaRWlPM09xeCtDRUtTdzlVSG8KUi9XYm45NmhBUXg2SVNOdlcrSGdmd3FyZW9GYy9SZEJ1NlJPMEllM3hQS1BKYm5RSTk4bGpqN3paVEttcWxragpyNnJQempvb25ZTjkxUW1oUlVUMUlkRHN6N2dVU2cyTTU1RnVXampQOFVJYXlRVzVqK1FVU2Rxdm1ObWN5WkFNClBZbERwY3Nwd05NeGN3UDVRRGR2TktJMUtSRDBmVjkwSm5xYzlzQ0g0U3ZQMS9QZ083NHg4R3I5NTZOakRwd3EKNXJXVWdTVDhiN2tQdkhZMXlaTk11VUlTeFZNSFR0M0dZcUxPbTNFaFNnazkxMHArcy8vdmltZnFUTkErZ0FOdAoyRm1qNE00WnhBU3p2ZW1uZHFTSURnOEpveDlpV0pHYXlaNFF3OUFVZDFIWVZTQVlVUUtDQVFFQXhISG9ybnNjCk9DSUVWWXZEMVFhSFcyRytUdmIrTWxlaXkxbS90TTVBTDJDTHpFVURsaW9sa2tUTzl1OVllRHZZV2ZzTXk5anoKSFNpWHB6TUtRcHZsbWs1cU1tUUVLa0FVRU4vUEd4VHhaMTBVelFjVjBaYUhuVlIxQmpuRWN5ampXNEZSQ2UvZgpYb2xaVFN0VnF5ZU1GWFdOdFRTeHArQStFTUVwMjF1M2trQkUyZkRoaDJuZnFlZ2JYb3B4TTM2Nm9IRUlXN21JClgyaE1aTnFFUiszZlo1MnBpMGIrWDlEVjYwK0tDRFM4MkdMZjR5UnMweTNZRWpKVlpjRnozMXBXenRMeHUyeU0KZ1ZVUHR4OE9XanBacnUrdzh1WGtVUWhWZVI5S0x1aUZOT3pITG5WNkZuZ3grRTA1ODZVc1RmWU1mRCtCbURjVQpoeGRMcTZIQTZiclRoUUtDQVFFQS9kOGNQNGppVjBhRUoxaVFrOTNOcGxZQ2ZDZ1VBdGFDWGhLbW5Qc3I5b0FCCndTamZiVHNZWG4ya2lDd2YwN0VabUwwNzdJNjgxRDhCWldlM1FrYWFDRUhBTjZGRi9KaVdTQmdoOTF4aHBhamkKbE56YUI1K0dVK0I2bkd3a2I1emdUZHR3bWNVaGFZVlRCYS8wbHE5NXUvVy81aFRoanZWdE1JWGFXMkNuMU0xZgpGa2JUMWYzQ3NxNmM2UlErbWp4aU05V05xYWdoZWV1UzUyVVpVaXlvWC95bXptclpSaXg5cUJiaTI0aUFlWFhYCm5BOFdybFM1VmROcUsxbUdxejBmY0dsRTdnSTRXc3h3S0YvLzNJSVhEZ3U5aGVkRWVhMW9IeWZvS2I5QUN2SW4KMDhoV3JkUVV2cTlrZVZVT0hEZGIxWEp4K2d3b1huOXUwQSttTkdJUXRRS0NBUUFYYTFFSEJBeEFNT1g5WU5VdQozMEZoeG94T2s2bUlUT1JPZzl1VDdZYS9YeTRyWXdyamF4RGhtQ3hvU2U1dEh3MVM1TmdJc1V1Q2JXVnUvR203CnVTUXRPaTMwNWZHTksraDRmb1lOUDNqc0RxKzlKWndYU1cvUGROTWlzOTVVc0VveWpYOGd4U1VHK3k3WFFWUk0KUEVHNkNUS2txS3lKUy9WNlA5MENsck9TenZDbVhzNDBPNDM3am4wOHp4cGh2amozaWFJcWRUcnB6T0JXb2FwbApmTmxHWEFoclgwSlNIKzV3eUNHM2lybjh2Z1RjNm1uQzMxTkVFQllZTkhEZzdyOHNsdjlVamNOT1k5cWt4U0lMCjVhcnRiUXZXV1V2WDBUdUhYaENVK1Fsd1hzMzhIdXM0Sklvb2hPUmt4SXM4bkJtdThrODcyMDBxTWIvR3JWajMKUkZ1VkFvSUJBQS9IRXZGYjUzMDNFN1dDU3BIMkFmYnBkNFFSMVpTTGtsU1lZaVIxYzdrQklackltSUlvWHc1WQpUcVpyMzVwL2NqRE02ZkY4dVgyVFlOblZoVTBvS0NDRlBaWDNmdXNBN0s0VVdlQU9yTDduN1JVRldNT0toWVdtCitOZkozTVhYQVJXMW9wemI1SVN6VllLUCtlcDNnMkJNR0o0TEJDMm5VUjduNHJjMUhaa2JIbUs3Q2lWTmZSRXYKeXU2dFpHcWZnQmJxbWNCR2c3WVpEdXMwbkV0QUhVTEI1L2dDS2ZpemdTZTJMR2txWlptbTJqeUhyNGdzR2N5Ywp0QWQzcStmdWg0cXI4QzIrazVRSkNwdG53L1lIVzdseXYxZVlGT2hlLzQ2WUkxU2MzelVPOGF5MjBiUkI3dndlCjJHYTJBNGQ3WlVpeHNTV3lKYndodlZoTzhLeG12OVVDZ2dFQkFKMXJ6b1kzelcwUFB1c2hPbE5tK25KU1ErNWIKdHZ5dnRHWDZzc1diaXlhQURKTHIzTVgwQ0hGUnRmVlRQSE5EeXZkUWQrNmgvVHYyQVAvYjNvaEszcXI2c1drZgpFTWVMNzYrRHdtN0xHMWVWaTVhMElKc3FLdlZRRUFDUkhoM0xWQXhza2NvdHgzblc4QmtyNTAwdjZ1UnVPQWRnClJSSERXNUluUCtrUTVsNVh5ZWRGOVVFcHc1eER6M0RPMVpGMFdsbmRJVFhuVVdBejZpS2lOdFZ0YTNPZTdnd00KTmxSTHpYYTBWK0RzcFhpd3JTdnVpaXdqWEc3QzVHNWZVcVp5bmRIQis1Wmtidm85MlBNQ0NmemRXRG0yTmsycwp2Z2pKa2lwTmE4VjFla1ZDczlTOWllRW9WL2N3NisrYUxXVzhnZFJLcW9IZnR3bHRKRnczUEcycnErUT0KLS0tLS1FTkQgUlNBIFBSSVZBVEUgS0VZLS0tLS0K\n    token: dxqbuzlw4punl6hsu8t9qrl9mb30log0rvjm2lsu85kjaqs10duj8kzt9ydmyfbjxr0rfg66nenv2tkyhvrnq8ed077lalv6hvu83j503z02r68s661578ap6wrp4suv\n",
            "kubelet_identity": [
              {
                "client_id": "3fb735b6-36ce-420a-9b60-1da32f85b3af",
                "object_id": "7bec7bfc-b2ed-44a3-b9c3-02f3f4405048",
                "user_assigned_identity_id": "/subscriptions/019b389a-bbcd-4a53-89ea-e65cbf7bce18/resourceGroups/MC_micro-application_micro-application-cluster-aks_eastus/providers/Microsoft.ManagedIdentity/userAssignedIdentities/micro-application-cluster-aks-agentpool"
              }
            ],
            "kubernetes_version": "1.30",
            "linux_profile": [],
            "local_account_disabled": false,
            "location": "eastus",
            "maintenance_window": [],
            "maintenance_window_auto_upgrade": [],
            "maintenance_window_node_os": [],
            "microsoft_defender": [],
            "monitor_metrics": [],
            "name": "micro-application-cluster-aks",
            "network_profile": [
              {
                "dns_service_ip": "10.0.0.10",
                "docker_bridge_cidr": "",
                "ebpf_data_plane": "",
                "ip_versions": [
                  "IPv4"
                ],
                "load_balancer_profile": [
                  {
                    "effective_outbound_ips": [
                      "/subscriptions/019b389a-bbcd-4a53-89ea-e65cbf7bce18/resourceGroups/MC_micro-application_micro-application-cluster-aks_eastus/providers/Microsoft.Network/publicIPAddresses/b24c2424-c652-4de1-8b0b-4a872763343c"
                    ],
                    "idle_timeout_in_minutes": 0,
                    "managed_outbound_ip_count": 1,
                    "managed_outbound_ipv6_count": 0,
                    "outbound_ip_address_ids": [],
                    "outbound_ip_prefix_ids": [],
                    "outbound_ports_allocated": 0
                  }
                ],
                "load_balancer_sku": "standard",
                "nat_gateway_profile": [],
                "network_data_plane": "azure",
                "network_mode": "",
                "network_plugin": "azure",
                "network_plugin_mode": "",
                "network_policy": "azure",
                "outbound_ip_address_ids": [],
                "outbound_ip_prefix_ids": [],
                "outbound_type": "loadBalancer",
                "pod_cidr": "",
                "pod_cidrs": [],
                "service_cidr": "10.0.0.0/16",
                "service_cidrs": [
                  "10.0.0.0/16"
                ]
              }
            ],
            "node_os_channel_upgrade": null,
            "node_resource_group": "MC_micro-application_micro-application-cluster-aks_eastus",
            "node_resource_group_id": "/subscriptions/019b389a-bbcd-4a53-89ea-e65cbf7bce18/resourceGroups/MC_micro-application_micro-application-cluster-aks_eastus",
            "oidc_issuer_enabled": true,
            "oidc_issuer_url": "https://eastus.oic.prod-aks.azure.com/eaf624c8-a0c4-4195-87d2-443e5d7516cd/69b72c91-4ce7-4884-8c21-6f6e113e5258/",
            "oms_agent": [],
            "open_service_mesh_enabled": null,
            "portal_fqdn": "micro-application-cluster-8i7v5y3i.portal.hcp.eastus.azmk8s.io",
            "private_cluster_enabled": false,
            "private_cluster_public_fqdn_enabled": false,
            "private_dns_zone_id": "",
            "private_fqdn": "",
            "public_network_access_enabled": true,
            "resource_group_name": "micro-application",
            "role_based_access_control_enabled": true,
            "run_command_enabled": true,
            "service_mesh_profile": [],
            "service_principal": [],
            "sku_tier": "Free",
            "storage_profile": [],
            "support_plan": "KubernetesOfficial",
            "tags": {
              "Application": "micro",
              "Author": "Mostafa (Melsayed)"
            },
            "timeouts": null,
            "web_app_routing": [],
            "windows_profile": [
              {
                "admin_password": "",
                "admin_username": "azureuser",
                "gmsa": [],
                "license": ""
              }
            ],
            "workload_autoscaler_profile": [],
            "workload_identity_enabled": true
          },
          "sensitive_attributes": [
            [
              {
                "type": "get_attr",
                "value": "kube_admin_config"
              }
            ],
            [
              {
                "type": "get_attr",
                "value": "windows_profile"
              },
              {
                "type": "index",
                "value": {
                  "value": 0,
                  "type": "number"
                }
              },
              {
                "type": "get_attr",
                "value": "admin_password"
              }
            ],
            [
              {
                "type": "get_attr",
                "value": "kube_config_raw"
              }
            ],
            [
              {
                "type": "get_attr",
                "value": "kube_config"
              }
            ],
            [
              {
                "type": "get_attr",
                "value": "kube_admin_config_raw"
              }
            ]
          ],
          "private": "eyJlMmJmYjczMC1lY2FhLTExZTYtOGY4OC0zNDM2M2JjN2M0YzAiOnsiY3JlYXRlIjo1NDAwMDAwMDAwMDAwLCJkZWxldGUiOjU0MDAwMDAwMDAwMDAsInJlYWQiOjMwMDAwMDAwMDAwMCwidXBkYXRlIjo1NDAwMDAwMDAwMDAwfSwic2NoZW1hX3ZlcnNpb24iOiIyIn0=",
          "dependencies": [
            "azurerm_resource_group.main",
            "module.aks.azurerm_log_analytics_workspace.main",
            "module.aks.data.azurerm_resource_group.main",
            "module.aks.null_resource.kubernetes_cluster_name_keeper",
            "module.aks.tls_private_key.ssh",
            "module.network.azurerm_subnet.subnet",
            "module.network.azurerm_subnet_nat_gateway_association.nat_gw",
            "module.network.azurerm_subnet_network_security_group_association.vnet",
            "module.network.azurerm_subnet_route_table_association.vnet",
            "module.network.azurerm_virtual_network.vnet",
            "module.network.azurerm_virtual_network_dns_servers.vnet_dns"
          ],
          "create_before_destroy": true
        }
      ]
    },
    {
      "module": "module.aks",
      "mode": "managed",
      "type": "azurerm_log_analytics_workspace",
      "name": "main",
      "provider": "provider[\"registry.terraform.io/hashicorp/azurerm\"]",
      "instances": []
    },
    {
      "module": "module.aks",
      "mode": "managed",
      "type": "null_resource",
      "name": "kubernetes_cluster_name_keeper",
      "provider": "provider[\"registry.terraform.io/hashicorp/null\"]",
      "instances": [
        {
          "schema_version": 0,
          "attributes": {
            "id": "187714034",
            "triggers": {
              "name": "micro-application-cluster-aks"
            }
          },
          "sensitive_attributes": [],
          "dependencies": [
            "azurerm_resource_group.main",
            "module.network.azurerm_subnet.subnet",
            "module.network.azurerm_subnet_nat_gateway_association.nat_gw",
            "module.network.azurerm_subnet_network_security_group_association.vnet",
            "module.network.azurerm_subnet_route_table_association.vnet",
            "module.network.azurerm_virtual_network.vnet",
            "module.network.azurerm_virtual_network_dns_servers.vnet_dns"
          ],
          "create_before_destroy": true
        }
      ]
    },
    {
      "module": "module.aks",
      "mode": "managed",
      "type": "null_resource",
      "name": "kubernetes_version_keeper",
      "provider": "provider[\"registry.terraform.io/hashicorp/null\"]",
      "instances": [
        {
          "schema_version": 0,
          "attributes": {
            "id": "1568925962",
            "triggers": {
              "version": "1.30"
            }
          },
          "sensitive_attributes": [],
          "dependencies": [
            "azurerm_resource_group.main",
            "module.network.azurerm_subnet.subnet",
            "module.network.azurerm_subnet_nat_gateway_association.nat_gw",
            "module.network.azurerm_subnet_network_security_group_association.vnet",
            "module.network.azurerm_subnet_route_table_association.vnet",
            "module.network.azurerm_virtual_network.vnet",
            "module.network.azurerm_virtual_network_dns_servers.vnet_dns"
          ],
          "create_before_destroy": true
        }
      ]
    },
    {
      "module": "module.aks",
      "mode": "managed",
      "type": "tls_private_key",
      "name": "ssh",
      "provider": "provider[\"registry.terraform.io/hashicorp/tls\"]",
      "instances": []
    },
    {
      "module": "module.network",
      "mode": "managed",
      "type": "azurerm_subnet",
      "name": "subnet",
      "provider": "provider[\"registry.terraform.io/hashicorp/azurerm\"]",
      "instances": [
        {
          "index_key": "aks",
          "schema_version": 0,
          "attributes": {
            "address_prefixes": [
              "10.52.0.0/16"
            ],
            "default_outbound_access_enabled": true,
            "delegation": [],
            "enforce_private_link_endpoint_network_policies": false,
            "enforce_private_link_service_network_policies": false,
            "id": "/subscriptions/019b389a-bbcd-4a53-89ea-e65cbf7bce18/resourceGroups/micro-application/providers/Microsoft.Network/virtualNetworks/micro-application-vnet/subnets/aks",
            "name": "aks",
            "private_endpoint_network_policies": "Enabled",
            "private_endpoint_network_policies_enabled": true,
            "private_link_service_network_policies_enabled": true,
            "resource_group_name": "micro-application",
            "service_endpoint_policy_ids": [],
            "service_endpoints": [
              "Microsoft.Storage"
            ],
            "timeouts": null,
            "virtual_network_name": "micro-application-vnet"
          },
          "sensitive_attributes": [],
          "private": "eyJlMmJmYjczMC1lY2FhLTExZTYtOGY4OC0zNDM2M2JjN2M0YzAiOnsiY3JlYXRlIjoxODAwMDAwMDAwMDAwLCJkZWxldGUiOjE4MDAwMDAwMDAwMDAsInJlYWQiOjMwMDAwMDAwMDAwMCwidXBkYXRlIjoxODAwMDAwMDAwMDAwfX0=",
          "dependencies": [
            "azurerm_resource_group.main",
            "module.network.azurerm_virtual_network.vnet",
            "module.network.azurerm_virtual_network_dns_servers.vnet_dns"
          ],
          "create_before_destroy": true
        }
      ]
    },
    {
      "module": "module.network",
      "mode": "managed",
      "type": "azurerm_virtual_network",
      "name": "vnet",
      "provider": "provider[\"registry.terraform.io/hashicorp/azurerm\"]",
      "instances": [
        {
          "schema_version": 0,
          "attributes": {
            "address_space": [
              "10.52.0.0/16"
            ],
            "bgp_community": "",
            "ddos_protection_plan": [],
            "dns_servers": [],
            "edge_zone": "",
            "encryption": [],
            "flow_timeout_in_minutes": 0,
            "guid": "46a40dab-b2b4-499d-b881-b9b3796c5401",
            "id": "/subscriptions/019b389a-bbcd-4a53-89ea-e65cbf7bce18/resourceGroups/micro-application/providers/Microsoft.Network/virtualNetworks/micro-application-vnet",
            "location": "eastus",
            "name": "micro-application-vnet",
            "resource_group_name": "micro-application",
            "subnet": [
              {
                "address_prefix": "10.52.0.0/16",
                "id": "/subscriptions/019b389a-bbcd-4a53-89ea-e65cbf7bce18/resourceGroups/micro-application/providers/Microsoft.Network/virtualNetworks/micro-application-vnet/subnets/aks",
                "name": "aks",
                "security_group": ""
              }
            ],
            "tags": {
              "Application": "micro",
              "Author": "Mostafa (Melsayed)"
            },
            "timeouts": null
          },
          "sensitive_attributes": [],
          "private": "eyJlMmJmYjczMC1lY2FhLTExZTYtOGY4OC0zNDM2M2JjN2M0YzAiOnsiY3JlYXRlIjoxODAwMDAwMDAwMDAwLCJkZWxldGUiOjE4MDAwMDAwMDAwMDAsInJlYWQiOjMwMDAwMDAwMDAwMCwidXBkYXRlIjoxODAwMDAwMDAwMDAwfX0=",
          "dependencies": [
            "azurerm_resource_group.main"
          ],
          "create_before_destroy": true
        }
      ]
    },
    {
      "module": "module.network",
      "mode": "managed",
      "type": "azurerm_virtual_network_dns_servers",
      "name": "vnet_dns",
      "provider": "provider[\"registry.terraform.io/hashicorp/azurerm\"]",
      "instances": []
    }
  ],
  "check_results": [
    {
      "object_kind": "resource",
      "config_addr": "module.aks.azurerm_kubernetes_cluster_node_pool.node_pool_create_after_destroy",
      "status": "pass",
      "objects": null
    },
    {
      "object_kind": "resource",
      "config_addr": "module.aks.azurerm_kubernetes_cluster.main",
      "status": "pass",
      "objects": [
        {
          "object_addr": "module.aks.azurerm_kubernetes_cluster.main",
          "status": "pass"
        }
      ]
    },
    {
      "object_kind": "var",
      "config_addr": "module.network.var.virtual_network_flow_timeout_in_minutes",
      "status": "pass",
      "objects": [
        {
          "object_addr": "module.network.var.virtual_network_flow_timeout_in_minutes",
          "status": "pass"
        }
      ]
    },
    {
      "object_kind": "var",
      "config_addr": "module.aks.var.identity_type",
      "status": "pass",
      "objects": [
        {
          "object_addr": "module.aks.var.identity_type",
          "status": "pass"
        }
      ]
    },
    {
      "object_kind": "var",
      "config_addr": "module.aks.var.green_field_application_gateway_for_ingress",
      "status": "pass",
      "objects": [
        {
          "object_addr": "module.aks.var.green_field_application_gateway_for_ingress",
          "status": "pass"
        }
      ]
    },
    {
      "object_kind": "var",
      "config_addr": "module.aks.var.log_analytics_solution",
      "status": "pass",
      "objects": [
        {
          "object_addr": "module.aks.var.log_analytics_solution",
          "status": "pass"
        }
      ]
    },
    {
      "object_kind": "resource",
      "config_addr": "module.aks.azurerm_role_assignment.application_gateway_existing_vnet_network_contributor",
      "status": "pass",
      "objects": null
    },
    {
      "object_kind": "resource",
      "config_addr": "module.aks.azurerm_role_assignment.network_contributor_on_subnet",
      "status": "pass",
      "objects": [
        {
          "object_addr": "module.aks.azurerm_role_assignment.network_contributor_on_subnet[\"aks\"]",
          "status": "pass"
        }
      ]
    },
    {
      "object_kind": "resource",
      "config_addr": "module.aks.azurerm_kubernetes_cluster_node_pool.node_pool_create_before_destroy",
      "status": "pass",
      "objects": null
    },
    {
      "object_kind": "resource",
      "config_addr": "module.aks.azurerm_role_assignment.network_contributor",
      "status": "pass",
      "objects": null
    },
    {
      "object_kind": "var",
      "config_addr": "module.aks.var.kms_key_vault_network_access",
      "status": "pass",
      "objects": [
        {
          "object_addr": "module.aks.var.kms_key_vault_network_access",
          "status": "pass"
        }
      ]
    },
    {
      "object_kind": "var",
      "config_addr": "module.aks.var.automatic_channel_upgrade",
      "status": "pass",
      "objects": [
        {
          "object_addr": "module.aks.var.automatic_channel_upgrade",
          "status": "pass"
        }
      ]
    },
    {
      "object_kind": "resource",
      "config_addr": "module.aks.azurerm_role_assignment.application_gateway_byo_vnet_network_contributor",
      "status": "pass",
      "objects": null
    },
    {
      "object_kind": "var",
      "config_addr": "module.aks.var.auto_scaler_profile_expander",
      "status": "pass",
      "objects": [
        {
          "object_addr": "module.aks.var.auto_scaler_profile_expander",
          "status": "pass"
        }
      ]
    },
    {
      "object_kind": "var",
      "config_addr": "module.aks.var.load_balancer_sku",
      "status": "pass",
      "objects": [
        {
          "object_addr": "module.aks.var.load_balancer_sku",
          "status": "pass"
        }
      ]
    },
    {
      "object_kind": "var",
      "config_addr": "module.aks.var.http_proxy_config",
      "status": "pass",
      "objects": [
        {
          "object_addr": "module.aks.var.http_proxy_config",
          "status": "pass"
        }
      ]
    },
    {
      "object_kind": "resource",
      "config_addr": "module.aks.azurerm_role_assignment.existing_application_gateway_contributor",
      "status": "pass",
      "objects": null
    },
    {
      "object_kind": "var",
      "config_addr": "module.network.var.virtual_network_address_space",
      "status": "pass",
      "objects": [
        {
          "object_addr": "module.network.var.virtual_network_address_space",
          "status": "pass"
        }
      ]
    },
    {
      "object_kind": "var",
      "config_addr": "module.aks.var.sku_tier",
      "status": "pass",
      "objects": [
        {
          "object_addr": "module.aks.var.sku_tier",
          "status": "pass"
        }
      ]
    },
    {
      "object_kind": "resource",
      "config_addr": "module.aks.azurerm_log_analytics_workspace.main",
      "status": "pass",
      "objects": null
    },
    {
      "object_kind": "var",
      "config_addr": "module.aks.var.support_plan",
      "status": "pass",
      "objects": [
        {
          "object_addr": "module.aks.var.support_plan",
          "status": "pass"
        }
      ]
    }
  ]
}
