{
  "version": 4,
  "terraform_version": "1.9.3",
  "serial": 80,
  "lineage": "a81bcfcd-b862-a310-9e93-eba48a7e43fe",
  "outputs": {},
  "resources": [
    {
      "mode": "managed",
      "type": "azurerm_container_registry",
      "name": "acr",
      "provider": "provider[\"registry.terraform.io/hashicorp/azurerm\"]",
      "instances": [
        {
          "schema_version": 2,
          "attributes": {
            "admin_enabled": false,
            "admin_password": "",
            "admin_username": "",
            "anonymous_pull_enabled": false,
            "data_endpoint_enabled": false,
            "encryption": [
              {
                "enabled": false,
                "identity_client_id": "",
                "key_vault_key_id": ""
              }
            ],
            "export_policy_enabled": true,
            "georeplications": [],
            "id": "/subscriptions/019b389a-bbcd-4a53-89ea-e65cbf7bce18/resourceGroups/micro-application/providers/Microsoft.ContainerRegistry/registries/mtarekacr1234",
            "identity": [],
            "location": "eastus",
            "login_server": "mtarekacr1234.azurecr.io",
            "name": "mtarekacr1234",
            "network_rule_bypass_option": "AzureServices",
            "network_rule_set": [],
            "public_network_access_enabled": true,
            "quarantine_policy_enabled": false,
            "resource_group_name": "micro-application",
            "retention_policy": [
              {
                "days": 7,
                "enabled": false
              }
            ],
            "sku": "Basic",
            "tags": {},
            "timeouts": null,
            "trust_policy": [
              {
                "enabled": false
              }
            ],
            "zone_redundancy_enabled": false
          },
          "sensitive_attributes": [
            [
              {
                "type": "get_attr",
                "value": "admin_password"
              }
            ]
          ],
          "private": "eyJlMmJmYjczMC1lY2FhLTExZTYtOGY4OC0zNDM2M2JjN2M0YzAiOnsiY3JlYXRlIjoxODAwMDAwMDAwMDAwLCJkZWxldGUiOjE4MDAwMDAwMDAwMDAsInJlYWQiOjMwMDAwMDAwMDAwMCwidXBkYXRlIjoxODAwMDAwMDAwMDAwfSwic2NoZW1hX3ZlcnNpb24iOiIyIn0=",
          "dependencies": [
            "azurerm_resource_group.main"
          ]
        }
      ]
    },
    {
      "mode": "managed",
      "type": "azurerm_resource_group",
      "name": "main",
      "provider": "provider[\"registry.terraform.io/hashicorp/azurerm\"]",
      "instances": [
        {
          "schema_version": 0,
          "attributes": {
            "id": "/subscriptions/019b389a-bbcd-4a53-89ea-e65cbf7bce18/resourceGroups/micro-application",
            "location": "eastus",
            "managed_by": "",
            "name": "micro-application",
            "tags": {
              "Application": "micro",
              "Author": "Mostafa (Melsayed)"
            },
            "timeouts": null
          },
          "sensitive_attributes": [],
          "private": "eyJlMmJmYjczMC1lY2FhLTExZTYtOGY4OC0zNDM2M2JjN2M0YzAiOnsiY3JlYXRlIjo1NDAwMDAwMDAwMDAwLCJkZWxldGUiOjU0MDAwMDAwMDAwMDAsInJlYWQiOjMwMDAwMDAwMDAwMCwidXBkYXRlIjo1NDAwMDAwMDAwMDAwfX0=",
          "create_before_destroy": true
        }
      ]
    },
    {
      "module": "module.aks",
      "mode": "data",
      "type": "azurerm_client_config",
      "name": "this",
      "provider": "provider[\"registry.terraform.io/hashicorp/azurerm\"]",
      "instances": [
        {
          "schema_version": 0,
          "attributes": {
            "client_id": "69c78476-c46d-4212-ac39-40aa573a8020",
            "id": "Y2xpZW50Q29uZmlncy9jbGllbnRJZD02OWM3ODQ3Ni1jNDZkLTQyMTItYWMzOS00MGFhNTczYTgwMjA7b2JqZWN0SWQ9YTIzYjI5ZDYtNzI3My00ZTRkLTgyMDMtMTJiN2FiMGU2ZDg1O3N1YnNjcmlwdGlvbklkPTAxOWIzODlhLWJiY2QtNGE1My04OWVhLWU2NWNiZjdiY2UxODt0ZW5hbnRJZD1lYWY2MjRjOC1hMGM0LTQxOTUtODdkMi00NDNlNWQ3NTE2Y2Q=",
            "object_id": "a23b29d6-7273-4e4d-8203-12b7ab0e6d85",
            "subscription_id": "019b389a-bbcd-4a53-89ea-e65cbf7bce18",
            "tenant_id": "eaf624c8-a0c4-4195-87d2-443e5d7516cd",
            "timeouts": null
          },
          "sensitive_attributes": []
        }
      ]
    },
    {
      "module": "module.aks",
      "mode": "data",
      "type": "azurerm_resource_group",
      "name": "aks_rg",
      "provider": "provider[\"registry.terraform.io/hashicorp/azurerm\"]",
      "instances": [
        {
          "index_key": 0,
          "schema_version": 0,
          "attributes": {
            "id": "/subscriptions/019b389a-bbcd-4a53-89ea-e65cbf7bce18/resourceGroups/micro-application",
            "location": "eastus",
            "managed_by": "",
            "name": "micro-application",
            "tags": {
              "Application": "micro",
              "Author": "Mostafa (Melsayed)"
            },
            "timeouts": null
          },
          "sensitive_attributes": []
        }
      ]
    },
    {
      "module": "module.aks",
      "mode": "data",
      "type": "azurerm_resource_group",
      "name": "main",
      "provider": "provider[\"registry.terraform.io/hashicorp/azurerm\"]",
      "instances": [
        {
          "schema_version": 0,
          "attributes": {
            "id": "/subscriptions/019b389a-bbcd-4a53-89ea-e65cbf7bce18/resourceGroups/micro-application",
            "location": "eastus",
            "managed_by": "",
            "name": "micro-application",
            "tags": {
              "Application": "micro",
              "Author": "Mostafa (Melsayed)"
            },
            "timeouts": null
          },
          "sensitive_attributes": []
        }
      ]
    },
    {
      "module": "module.aks",
      "mode": "data",
      "type": "azurerm_user_assigned_identity",
      "name": "cluster_identity",
      "provider": "provider[\"registry.terraform.io/hashicorp/azurerm\"]",
      "instances": []
    },
    {
      "module": "module.aks",
      "mode": "managed",
      "type": "azapi_update_resource",
      "name": "aks_cluster_post_create",
      "provider": "provider[\"registry.terraform.io/azure/azapi\"]",
      "instances": [
        {
          "schema_version": 1,
          "attributes": {
            "body": {
              "value": "{\"properties\":{\"kubernetesVersion\":\"1.30\"}}",
              "type": "string"
            },
            "id": "/subscriptions/019b389a-bbcd-4a53-89ea-e65cbf7bce18/resourceGroups/micro-application/providers/Microsoft.ContainerService/managedClusters/micro-application-cluster-aks",
            "ignore_body_changes": null,
            "ignore_casing": false,
            "ignore_missing_property": true,
            "locks": null,
            "name": "micro-application-cluster-aks",
            "output": {
              "value": "{}",
              "type": "string"
            },
            "parent_id": "/subscriptions/019b389a-bbcd-4a53-89ea-e65cbf7bce18/resourceGroups/micro-application",
            "resource_id": "/subscriptions/019b389a-bbcd-4a53-89ea-e65cbf7bce18/resourceGroups/micro-application/providers/Microsoft.ContainerService/managedClusters/micro-application-cluster-aks",
            "response_export_values": null,
            "timeouts": null,
            "type": "Microsoft.ContainerService/managedClusters@2024-02-01"
          },
          "sensitive_attributes": [],
          "dependencies": [
            "azurerm_resource_group.main",
            "module.aks.azurerm_kubernetes_cluster.main",
            "module.aks.azurerm_log_analytics_workspace.main",
            "module.aks.data.azurerm_resource_group.main",
            "module.aks.null_resource.kubernetes_cluster_name_keeper",
            "module.aks.null_resource.kubernetes_version_keeper",
            "module.aks.tls_private_key.ssh",
            "module.network.azurerm_subnet.subnet",
            "module.network.azurerm_subnet_nat_gateway_association.nat_gw",
            "module.network.azurerm_subnet_network_security_group_association.vnet",
            "module.network.azurerm_subnet_route_table_association.vnet",
            "module.network.azurerm_virtual_network.vnet",
            "module.network.azurerm_virtual_network_dns_servers.vnet_dns"
          ]
        }
      ]
    },
    {
      "module": "module.aks",
      "mode": "managed",
      "type": "azurerm_kubernetes_cluster",
      "name": "main",
      "provider": "provider[\"registry.terraform.io/hashicorp/azurerm\"]",
      "instances": [
        {
          "schema_version": 2,
          "attributes": {
            "aci_connector_linux": [],
            "api_server_access_profile": [],
            "api_server_authorized_ip_ranges": [],
            "auto_scaler_profile": [
              {
                "balance_similar_node_groups": false,
                "empty_bulk_delete_max": "10",
                "expander": "random",
                "max_graceful_termination_sec": "600",
                "max_node_provisioning_time": "15m",
                "max_unready_nodes": 3,
                "max_unready_percentage": 45,
                "new_pod_scale_up_delay": "0s",
                "scale_down_delay_after_add": "10m",
                "scale_down_delay_after_delete": "10s",
                "scale_down_delay_after_failure": "3m",
                "scale_down_unneeded": "10m",
                "scale_down_unready": "20m",
                "scale_down_utilization_threshold": "0.5",
                "scan_interval": "10s",
                "skip_nodes_with_local_storage": false,
                "skip_nodes_with_system_pods": true
              }
            ],
            "automatic_channel_upgrade": "",
            "azure_active_directory_role_based_access_control": [],
            "azure_policy_enabled": false,
            "confidential_computing": [],
            "cost_analysis_enabled": false,
            "current_kubernetes_version": "1.30.5",
            "custom_ca_trust_certificates_base64": [],
            "default_node_pool": [
              {
                "capacity_reservation_group_id": "",
                "custom_ca_trust_enabled": false,
                "enable_auto_scaling": true,
                "enable_host_encryption": false,
                "enable_node_public_ip": false,
                "fips_enabled": false,
                "gpu_instance": "",
                "host_group_id": "",
                "kubelet_config": [],
                "kubelet_disk_type": "OS",
                "linux_os_config": [],
                "max_count": 3,
                "max_pods": 30,
                "message_of_the_day": "",
                "min_count": 1,
                "name": "system",
                "node_count": 1,
                "node_labels": {
                  "nodepool": "defaultnodepool"
                },
                "node_network_profile": [],
                "node_public_ip_prefix_id": "",
                "node_taints": [],
                "only_critical_addons_enabled": false,
                "orchestrator_version": "1.30",
                "os_disk_size_gb": 30,
                "os_disk_type": "Managed",
                "os_sku": "Ubuntu",
                "pod_subnet_id": "",
                "proximity_placement_group_id": "",
                "scale_down_mode": "Delete",
                "snapshot_id": "",
                "tags": {
                  "Agent": "defaultnodepoolagent",
                  "Application": "micro",
                  "Author": "Mostafa (Melsayed)"
                },
                "temporary_name_for_rotation": "",
                "type": "VirtualMachineScaleSets",
                "ultra_ssd_enabled": false,
                "upgrade_settings": [
                  {
                    "drain_timeout_in_minutes": 0,
                    "max_surge": "10%",
                    "node_soak_duration_in_minutes": 0
                  }
                ],
                "vm_size": "Standard_D4_v3",
                "vnet_subnet_id": "/subscriptions/019b389a-bbcd-4a53-89ea-e65cbf7bce18/resourceGroups/micro-application/providers/Microsoft.Network/virtualNetworks/micro-application-vnet/subnets/aks",
                "workload_runtime": "",
                "zones": []
              }
            ],
            "disk_encryption_set_id": "",
            "dns_prefix": "micro-application-cluster",
            "dns_prefix_private_cluster": "",
            "edge_zone": "",
            "enable_pod_security_policy": false,
            "fqdn": "micro-application-cluster-35mtn1jk.hcp.eastus.azmk8s.io",
            "http_application_routing_enabled": null,
            "http_application_routing_zone_name": null,
            "http_proxy_config": [],
            "id": "/subscriptions/019b389a-bbcd-4a53-89ea-e65cbf7bce18/resourceGroups/micro-application/providers/Microsoft.ContainerService/managedClusters/micro-application-cluster-aks",
            "identity": [
              {
                "identity_ids": [],
                "principal_id": "26647972-4c4d-4c92-b2ab-52a42110ea11",
                "tenant_id": "eaf624c8-a0c4-4195-87d2-443e5d7516cd",
                "type": "SystemAssigned"
              }
            ],
            "image_cleaner_enabled": false,
            "image_cleaner_interval_hours": 48,
            "ingress_application_gateway": [],
            "key_management_service": [],
            "key_vault_secrets_provider": [],
            "kube_admin_config": [],
            "kube_admin_config_raw": "",
            "kube_config": [
              {
                "client_certificate": "LS0tLS1CRUdJTiBDRVJUSUZJQ0FURS0tLS0tCk1JSUZIakNDQXdhZ0F3SUJBZ0lSQUkzODRRaHFUS0JFYlc3eXNNYmsrd0F3RFFZSktvWklodmNOQVFFTEJRQXcKRFRFTE1Ba0dBMVVFQXhNQ1kyRXdIaGNOTWpReE1UQXhNVEF6TnpReldoY05Nall4TVRBeE1UQTBOelF6V2pBdwpNUmN3RlFZRFZRUUtFdzV6ZVhOMFpXMDZiV0Z6ZEdWeWN6RVZNQk1HQTFVRUF4TU1iV0Z6ZEdWeVkyeHBaVzUwCk1JSUNJakFOQmdrcWhraUc5dzBCQVFFRkFBT0NBZzhBTUlJQ0NnS0NBZ0VBcUFnaDdZVmpjZTdPdmZPeWx1aVoKU3J1OVhnREUrS0lkOFZsTFczWHVEWHJHWEh1V3BtL2JVaHR2TDcvanRBbk5EOVpEK3Y2Qk55VlZXeDVIN0ZobgpzRnhzMkVQZWtFREpENmh6Z2p5Nml6bXdpVGI0eUFvS0gxRGNBdTBJVFM1Uk9PbFZQVjNTZkNoK0RWTjhnZUZPClVST21pZ2RPOTJ4REZnUTJFdVIyNTNMOXpBdFdYZnV5R0FrRHIrQ3AyeHVJTko1MWxzUzdPK2JoZEN4QXhFTXcKL0pSb0svM05pSk8wSUJyNnlWRzNrNUVmcFBVRHdkclk5c1BubW8wNkU3NnhPdnlmSDVvL0N3aStmM3hnR3BPUQpnMFJZejNlaWZJcHRxYnFkT1IzVnZFNEZLME9nRmhvaUdHVUdlTzJOcXVZaHBISTZ3S094cmtiN3Azc1dPaytwCjQyb0JBRTNDSVZGL0tjUGdDdWtCSk5uaWxEN0c1UU9CMy9BZ3JvQ3JlMkZJY3EwUUM1V013OGZIMHVNNXY3eFoKcHJTeXhNNS9oTTl4L2hhK1NpUUk5dzgweHZaUDlmRzkvUzFTUlB2bUNIL05nRFNYUmFPR0VlZnhvQ2xHT3h5RgoxSzczMnNhbWdjY3lrS2VxYnNiY2RWb3VXV3MyckZTM2pvSERWbXZQeFp1ellMZi8vS0E4L1oxR2t4VnZBeU13ClpoeUNPaVEzZ250VFh4YUljdFA5VHFGWFFldDhrVWhCQnNuQmxWY2piYUl1enExTDBpck90eTNRc3JCWmNDQnYKL2lPNFpKRUVra0prSFNQc0JScGtuV0R4dmM0cC9OYkFuSUlwazNCUzNCN2lxb1hGS2h3NEt2VElDZVVMMDg0RgpLeXcxN2ZqYXIxZkh1SWZhaGFmSlM4VUNBd0VBQWFOV01GUXdEZ1lEVlIwUEFRSC9CQVFEQWdXZ01CTUdBMVVkCkpRUU1NQW9HQ0NzR0FRVUZCd01DTUF3R0ExVWRFd0VCL3dRQ01BQXdId1lEVlIwakJCZ3dGb0FVenY2YU1zU24Kc2tyUnJWcE5sUnpreklhQndWUXdEUVlKS29aSWh2Y05BUUVMQlFBRGdnSUJBRm9hbWlPcm1hL1FzUVFFQnBrQQpmb3Z1RG9oMmFkS0pBQnZSUnN1Q2QwTFpqUGtnelJ5UzJDMWczSHdveDNCZ0NqL3Q4USsvUWUvc1NkejZtVk1qCnNRd2tXRGFTUGtRdUNDRDBYbWlzdVB2NkRzZTBZcVRscXNIYzBIQnZmK3M3MnEvWjg5Q3JSTU1CQllmeGllSzQKVU01VjdUczQzSFFBV2NoYTZuOEhMV29wV0tIeFB0cnVrbnhjMEZ4cEkrQU5iRjFENUx6YnVyd0J1Q21uRzRyWgpjWjdoWm9xRVA2SVh4aHVOd0d3aURoM1UwUFl0RHFaYTExL0szam9DL0ZPRGpDUStXUThDQVlLdEtwVDF4NStOCmdDNE9NVTQxTWFMaS85VENnek5HcU9ZSmFubHQ5KzlEQXA1ZXlxWDl1SSttZlN4bWNYVUR3bCtYN1lxVzRUalIKUkFteG5RRXlhbVFkVjI4UU1sdkU4czB4UHgvM2ZnN0xMQXE3L0IzTEVJL3FzbzMrdWo5OENzdStiSzIzd1J2RQpyYlE3b0ZxQ3JTMlczUVpSTUYyWHp4YTQzTENUQnlKUVZ5S2hLSkdia0xIYm5jaFJ6Y3A2aDNuRnJUZTRQaHJYCi9mOFZ3aktZNjkrek5GU1FQdFpkcEJ4dEMwYlZodU9Zdy9sYkNGSHRTRjlWU092TUdMOW93OFVKQnkrN1Uxc3IKcEozNTRhbGFGQkdjcklIMlFsYklXUFUrRmlrSTBhV2pMWlBXeDNwa2txYzBkNk4rSXhQVDJQcktNekIwL0VBdQpWVDhnM2IvcXZHa2ZkejRhM1lvUVdhQ1F5T0xWLzAxTVVjUG9HUnhHMVVlK0lOejJ3WTNFNUtxMWRWOE45Rm9tCk50ZTBSWmxRQThWM08xM2crR2hPbWkxNwotLS0tLUVORCBDRVJUSUZJQ0FURS0tLS0tCg==",
                "client_key": "LS0tLS1CRUdJTiBSU0EgUFJJVkFURSBLRVktLS0tLQpNSUlKS1FJQkFBS0NBZ0VBcUFnaDdZVmpjZTdPdmZPeWx1aVpTcnU5WGdERStLSWQ4VmxMVzNYdURYckdYSHVXCnBtL2JVaHR2TDcvanRBbk5EOVpEK3Y2Qk55VlZXeDVIN0ZobnNGeHMyRVBla0VESkQ2aHpnank2aXptd2lUYjQKeUFvS0gxRGNBdTBJVFM1Uk9PbFZQVjNTZkNoK0RWTjhnZUZPVVJPbWlnZE85MnhERmdRMkV1UjI1M0w5ekF0VwpYZnV5R0FrRHIrQ3AyeHVJTko1MWxzUzdPK2JoZEN4QXhFTXcvSlJvSy8zTmlKTzBJQnI2eVZHM2s1RWZwUFVECndkclk5c1BubW8wNkU3NnhPdnlmSDVvL0N3aStmM3hnR3BPUWcwUll6M2VpZklwdHFicWRPUjNWdkU0RkswT2cKRmhvaUdHVUdlTzJOcXVZaHBISTZ3S094cmtiN3Azc1dPaytwNDJvQkFFM0NJVkYvS2NQZ0N1a0JKTm5pbEQ3Rwo1UU9CMy9BZ3JvQ3JlMkZJY3EwUUM1V013OGZIMHVNNXY3eFpwclN5eE01L2hNOXgvaGErU2lRSTl3ODB4dlpQCjlmRzkvUzFTUlB2bUNIL05nRFNYUmFPR0VlZnhvQ2xHT3h5RjFLNzMyc2FtZ2NjeWtLZXFic2JjZFZvdVdXczIKckZTM2pvSERWbXZQeFp1ellMZi8vS0E4L1oxR2t4VnZBeU13Wmh5Q09pUTNnbnRUWHhhSWN0UDlUcUZYUWV0OAprVWhCQnNuQmxWY2piYUl1enExTDBpck90eTNRc3JCWmNDQnYvaU80WkpFRWtrSmtIU1BzQlJwa25XRHh2YzRwCi9OYkFuSUlwazNCUzNCN2lxb1hGS2h3NEt2VElDZVVMMDg0Rkt5dzE3ZmphcjFmSHVJZmFoYWZKUzhVQ0F3RUEKQVFLQ0FnQnhGdWdld0FPcURwdStaR0h5QnlJRWxrNWhFZ3QvZXp6RHp1RlU4UTRDckhzTWkzRmRHek4xRTFuRgp2VlEzTzlGenN6V1ZtK3pEZkxEeDNuTnhzaDQzS0QxcFlHUk9tZ3U0S2h0enNBT3M2R3JVTHRkSmF0aGRNMEtnCkJYL3MwaHVBUGlwTVh2VG04eW5ETmtrNThMV1JBN1MyZVN6QWdYQzFSS2hRRnN1Z0FsaW1GNHROUGJValVBM1gKTlZHY1VlOWQycmd4Zkw2M0ZqRHV5MG5ielkwT3NhTmEyRHFZalRCUjIxYW1ZQVU1b0JhNEl0OGdmWFpBdnFFRgo5Nzc2d3dEdFBsQ3FLRm45eHlqUERKcHh5SmNlZ2NWei9JU3paVWRoVUdPNHFVZk1zSVh5RkZXT0NwQ2Y4bjVrCnJSMEh4Rk1vSm1rOGRlK0Q1K28vVWl3bm1xNHZkVmZTUFFMdlFzR0UyZlAwQWcxRmRLNFJINm8wVUtGNEttQzAKMHRiSk1wbmNEZXVtamlOOTBhZmR1WjB0YU0xdDVOYTZ5VzVjdmlvSjRZWXA5NXhNOGZRR0tsN2tLZUVRWDJ0VwpnZnFJUjZiRTN1M0JpMk4rSU5pT3JXK2VqYnAvbVRuTFR6ZnRuTExNNmRnN1NkeGhXZjJiZ0FuWWhzUUx6T2FrCmkrNlVXZHIyNFYxVjRINDRWdWtkTHg0cnFIMnpkdzVwTGpQT29NQUpIdVNWbGthNHJUQko2ZFBDMFhDTmQ5NTcKZnlhQUVEQzJLV1llM1VEMGtkRW16Q0FLZnA2VzNXVEFvZ0o0OWlBT2d5Uml6dXpHSzJIZHBqaEluTnVpK2xJSwpIV2t5UWNBd29oNS9rNzc4L3c1eW9JendTYnZZQVM4cEkyUTVkSExoZjhsRU83ODRnUUtDQVFFQTBsSnovdHluCmJQcjEwaUJUNWFoZkR0WHBMT0c2WW1zUEQrVWtsTFdTQWppK1hncGE4RlNYQnA0N201UU9QemM3dnNWOGdNZFMKbmFNeDVpTlMrUlJzMWo5QS9aNE8zVUE2SWQ2ZDkxTlc2RDdGL0dvbjM1ZzRlZ0RiL0V0L25WWHNYNlZkUy8rcQpWdjVWTXFBNFNjTllhOG8ycmI1RjVOTVQ5ZkxmNXRYVzNsYXZIcXQ2a001aGRpMm5DaDg2Qmc3YndrMmVKdWI3CkIxK2FiQW00eWlya1ZySWVoazZ0cWRSbnpzTUpLS3ZxR2pUTGFIZTh0TUorSER6MWk2bk1OM3NTY0Ivb21IbmkKa1BCdUhoQ1UwL1EweTd1S3B0MnhPMFhEeWcxb204b0lrZnBidjNZclY3YzZwRENRbzR5Nkp4Sm1pcndHb3Z5VQpUa2EvYjU2NGpNUzVQUUtDQVFFQXpJWnBGY2RqRDg4ck4rRUVvb2VhQlNsSVpKZnplYlJ5T2VqeEdGbnlzaTNlCmtBY3NUaVlGTmlNR1JBZ3VIMlZoTEhVQSsrQ2FJTjRNMHpWSWt6b3BKUGIyUm53WTJhSFpiQUg2R1hBY3hEVDQKNmxHUDd3ampDZTlJaEYrVTU0a3FEdlhKWFpFYlZ6aTBHd3lORWp6cWtBQ0NIOElKaGkwaEMwRXF3R1AxRFVaUApPMS92UWF1ZHVZNmFJMEEzQmw4bndDNXV2UXd6U3VvZmNoNEh4WE1rMUtKRHhOZDBBNGhTNEhXQ1BGYVpNdlRBCm1xMjYyb3k4RlF5cWhGR0lHdlVITmxsVFg2dllKNTAyZzcxRkh2OTdGYnZldlpYbFliMnBsSEhhcFc4SkhZRU4Kc0FEWFZaQmZkYjEzMG9FcFdvdG15V2wvOXRCL0MvQ0RhL3JkM0lZMUtRS0NBUUVBc2p5RDVxRXlGYTRiOG9YSQo4NkFiWnFRckpnanBmZ3hDU0hNazdBMXZmZ2grYzQyTkFZeCtMSEtlQ3p1T1UwNUlpR1F1SGFoTlFDQVQ0bmRmCkVveVhxMzBSWTV5MTloUSs3NE1NRlpQLzIzT1BMMWo3RDRhZG5lN3Fmc1d3a1RKR3pjdUM1Q3YzUEIvdkxhY1AKN0pycWJQYUNIZjFZbUJHMUljSkFzd3ZYT3JiMVV5VjVDZ3lNRmEyY21IeGNITlFzc2w0NnY3Y1JWMjlTbTJvbAp1dFpjaVlnTFRFQ1M5WkIycEljdVZOUlQ0UCtLdmE1ek1qQjgxUXRuLzRMVytOR0lqNUxLOTZTYk43ODVZcXNrCnBQYVlZMnM4bGlyYnptSlNDUUlSKzZ4Y1ZQRjVIU2xVazlKSWxPby9PUXJDbXVnQ0ZHSkJzWkFoVXJDci9UamkKSnhGejlRS0NBUUFQZXB5NWFUMjJGSmZRd3RiMjlneFNGNjNDN3owZUdPb01OL1VIUXNkN2RMMURhVWVSSW8rQwphV1F3QWU1N3NkQ0k3TklHUGhsc0kySVZHaE5FRVVMTDZXVDZNS293em04R0hhQXdES3dncldHcFdrTHFkR0c2CmZzR2VReDJoNkYrbWdqT2JRVUF3ZWJvbjBldGJWZ0RxcFI4MENCdHdiRG4wQUJxY05QUjI3THRTWXhCWWlBU0gKNXFNRHgvaGlJeEYvR2dTSGlrVFhocUNhb21zMEptTEROUVNzQVNKbW9ncWpza0VKRUFUSU5uM2ROd2pOUVpsNgpmbHJwYU1KRVNBY2p0ZDc1ZnFmOVY0aW9yOHByYmlxQ21wVmhBOWM0Ym9KSEdkYlNiblRpSnNKQ2I4M2NTL0R0Cm1FbFpSUzA4RFJEYWJZR2h6R1hSSVlMUXlVdkJST2NCQW9JQkFRQ051Nk9VQWdyYTgrUC9aYnZxSXZ5SmlTZzgKZ1ZIZVZ5Q09PZlBuMXNYWjV2akUrOU15UXpvb3lUNTRiVitNdlRsSFZKUGVWNDhxMlJ4UzhpUGNyWmVMRk4xVwpUSDZHOWlNSU13U0lFazBWd2ZoaEg2WkNyR0gwclNLWXZpd1dJMW8vRURCaHowLzMvWFVxYVRSYjhneWFpVEZXCjFkT3laeXdQd2JldXMxTG0wTCtnMkJrVUZvdjF1ZitCM0g4MnNOa0t0WUttdHB1RGdvN05QckYyUE1ZWjlZK1AKY1dXT092UFNIdEJKd3Fza2FjRjh1Q3FzK1ptRmdTcFlxbnBBVTd4amhURi94TTdMQTlBTTFHUGFVckdZOWQ1eApQdkxCUVVaWFg1YlFEb0ZtVi9aKzYrbXYxc2dTVHdsaHNFNkJqR1FMVmdqdmR4Uk5NczE5UFNSL2NuWFoKLS0tLS1FTkQgUlNBIFBSSVZBVEUgS0VZLS0tLS0K",
                "cluster_ca_certificate": "LS0tLS1CRUdJTiBDRVJUSUZJQ0FURS0tLS0tCk1JSUU2RENDQXRDZ0F3SUJBZ0lRUllTdFJpK3JLb1ZhaDRZdlV3REZ4VEFOQmdrcWhraUc5dzBCQVFzRkFEQU4KTVFzd0NRWURWUVFERXdKallUQWdGdzB5TkRFeE1ERXhNRE0zTkROYUdBOHlNRFUwTVRFd01URXdORGMwTTFvdwpEVEVMTUFrR0ExVUVBeE1DWTJFd2dnSWlNQTBHQ1NxR1NJYjNEUUVCQVFVQUE0SUNEd0F3Z2dJS0FvSUNBUURZCmppNGtmaWEyUlUvWnA4MTVGL0hBeHZrSkJjbTRQeFFhOEdlVG0rUmNLelFoUnQ1RVNLeGcwc1l6dDhqb2UvN1IKcVlsa3RJdXZpUnRHaUtsYjVsdm5ueS91ZFBIdjJ6Vk95aTUzL0xwbWVuR2sxbnZCMHJtM1pnSnVVSFpJZWV1SAptSnRNcUxiRU5vbXZFWmthYVNMTXlyL1crSW9oU0prTk9SUEs5THhaWmtFVkk2QjNvdUZrRy90aVhkaDc3aW1BCnl5aDljMmxlVFhSUkMzOFZidEtxOEZMVnNFTlMzUkZTMm5NVWo3akhDc3hxeTdMajdiMGRtV1g2RmhpTlJic2gKSUdUakgvNUI5bmJCUUN0VnIycU9ieElPM0l0TEFralQwVkZnOTY3SlN6VDA4YndLUkV5SmNxRzluSzZZbWR1egpnUzdsclkxb2lYSkptQ0FMUWdDY1F0Z2pxVndpejVFNGVxYy9XcGlxS1VYTlhldEpETU54OENxdlc4bHZGR3RmClpPYzBFWWhxWldxcE1lTU9SdnhzYkR5SU9SQllwWVRPRUZvUE83QTdJa3VVdXNHRDdnb2lKQi8wNmQyeVRSMmYKUFJxbXg3RGFNMjY2M2dVYllsVSswdXQ3SEd4djN6cDYydG5OMjNhNXoyYmE5WHJGQ2xKT0NhU0ZPaUVRSitzTQp4UDVYdCtnZFFsaGE0N2d6aThiRG9CQmpNTk1UR2tYY0lSRGl0K2NuOVBSVlR5enJXbDBWaVFBU2Ivd3NRZndZCnphRlZmN09oTVFaSmgyUHF1dHBWTDNjNTlQNytjZkpodTNsNCtiUWgyM3R4OEQ4WUxLb0JBRGM4ZDFOZ0NTbXYKa0xnOVJwY2ZuSllxNEpoZTIvWWtxMzhXNU9Bb2cySmh4MEJtRlcxTkNRSURBUUFCbzBJd1FEQU9CZ05WSFE4QgpBZjhFQkFNQ0FxUXdEd1lEVlIwVEFRSC9CQVV3QXdFQi96QWRCZ05WSFE0RUZnUVV6djZhTXNTbnNrclJyVnBOCmxSemt6SWFCd1ZRd0RRWUpLb1pJaHZjTkFRRUxCUUFEZ2dJQkFJelRvL1RhOWJVVzNST2FUS0NCUklxMHFldnEKdXVjSUl4MHpzOXArL1hiVS91aFJITDZxWVJKbkliSGFLcTNEak1zMi81MHpNa2VGdVR5WGg0YkxheHI4UHgzMgo2NVMwaEpJY01iMTNCZmNBeWhNS1lOSm5ySnZMMVRZRFgrMXkzaGNZT1hGTEVTaEZ0U09mUXFSalRYd0gxR2drCmpVYmRvNDlDdHorelp2S212K2E3aW1IcSs0NFR1S2xqL2dNZCtzRS9oWXZrNEJzM25JVENrUzhXTmtHR2tWcm4KbzRnZDhMMHdWaDF5dGRVSDlPWk1mS3ZRK3NxdHJsNVhJdEZGcW4xTU05blpWa28rU2plMnhYemIyNlVOMGdZZQpoK1ZQM2RmbXQrN2pjZjU2T3RscXdjay9OQk9WUmhvcGJ3bUs1NWRjc0VnenpsUG9EZnVNODZORS9PeWx2U2JICjhweTFoRFJadDl4Rml3RHV6Z1ZWQW5Pb0hSTkR5cmcxb2UyWU9VcFNnQ3NZTjFoUThzZ1dzY28yWTJudUkvRmEKdlNZRUdDMFU4UkFhR1BMNVFOVkh5NGtiZUxhV1MxOXZUWVJTbnRjd3RJV1ozdXFzQ3cxNFpJbkxncEZkYytDQgpwNWhJZUUrL0VJR09nTFV5TFJxL1ZEcEVxZC9pYTZxMWJKb2V4cXJ2cFlmdFE3aXpWekZlcmo5MmRtWHk0aFBtClNudytOYzU1d0lMSzVKeGV5SFRCT2RFQ3h6Vzl6MnBXUzVpWlBtL2Y1V2UvU2xudjNRY0ZQSWNxdklLSHczN1gKRWJnMjlvN3VYQmNoTGlYSThkNENyR1UzYjhIL1lsSUlLeEw1N1RWTU9DeTVDMlB1UzRKbHBwRFgxa0JNdTk2SQo2czdMYUljWklOUlIxL2tZCi0tLS0tRU5EIENFUlRJRklDQVRFLS0tLS0K",
                "host": "https://micro-application-cluster-35mtn1jk.hcp.eastus.azmk8s.io:443",
                "password": "zz56ri02o5sjpjlvnqrnc91yb831fme3qbtofp767dkuu5yu3zc8w9l9pv8l3m0o3a4oumd978c17inw0szza1if1oheh7u3x8nobpe1tvm2qdrymx3dqvox1y7de57m",
                "username": "clusterUser_micro-application_micro-application-cluster-aks"
              }
            ],
            "kube_config_raw": "apiVersion: v1\nclusters:\n- cluster:\n    certificate-authority-data: LS0tLS1CRUdJTiBDRVJUSUZJQ0FURS0tLS0tCk1JSUU2RENDQXRDZ0F3SUJBZ0lRUllTdFJpK3JLb1ZhaDRZdlV3REZ4VEFOQmdrcWhraUc5dzBCQVFzRkFEQU4KTVFzd0NRWURWUVFERXdKallUQWdGdzB5TkRFeE1ERXhNRE0zTkROYUdBOHlNRFUwTVRFd01URXdORGMwTTFvdwpEVEVMTUFrR0ExVUVBeE1DWTJFd2dnSWlNQTBHQ1NxR1NJYjNEUUVCQVFVQUE0SUNEd0F3Z2dJS0FvSUNBUURZCmppNGtmaWEyUlUvWnA4MTVGL0hBeHZrSkJjbTRQeFFhOEdlVG0rUmNLelFoUnQ1RVNLeGcwc1l6dDhqb2UvN1IKcVlsa3RJdXZpUnRHaUtsYjVsdm5ueS91ZFBIdjJ6Vk95aTUzL0xwbWVuR2sxbnZCMHJtM1pnSnVVSFpJZWV1SAptSnRNcUxiRU5vbXZFWmthYVNMTXlyL1crSW9oU0prTk9SUEs5THhaWmtFVkk2QjNvdUZrRy90aVhkaDc3aW1BCnl5aDljMmxlVFhSUkMzOFZidEtxOEZMVnNFTlMzUkZTMm5NVWo3akhDc3hxeTdMajdiMGRtV1g2RmhpTlJic2gKSUdUakgvNUI5bmJCUUN0VnIycU9ieElPM0l0TEFralQwVkZnOTY3SlN6VDA4YndLUkV5SmNxRzluSzZZbWR1egpnUzdsclkxb2lYSkptQ0FMUWdDY1F0Z2pxVndpejVFNGVxYy9XcGlxS1VYTlhldEpETU54OENxdlc4bHZGR3RmClpPYzBFWWhxWldxcE1lTU9SdnhzYkR5SU9SQllwWVRPRUZvUE83QTdJa3VVdXNHRDdnb2lKQi8wNmQyeVRSMmYKUFJxbXg3RGFNMjY2M2dVYllsVSswdXQ3SEd4djN6cDYydG5OMjNhNXoyYmE5WHJGQ2xKT0NhU0ZPaUVRSitzTQp4UDVYdCtnZFFsaGE0N2d6aThiRG9CQmpNTk1UR2tYY0lSRGl0K2NuOVBSVlR5enJXbDBWaVFBU2Ivd3NRZndZCnphRlZmN09oTVFaSmgyUHF1dHBWTDNjNTlQNytjZkpodTNsNCtiUWgyM3R4OEQ4WUxLb0JBRGM4ZDFOZ0NTbXYKa0xnOVJwY2ZuSllxNEpoZTIvWWtxMzhXNU9Bb2cySmh4MEJtRlcxTkNRSURBUUFCbzBJd1FEQU9CZ05WSFE4QgpBZjhFQkFNQ0FxUXdEd1lEVlIwVEFRSC9CQVV3QXdFQi96QWRCZ05WSFE0RUZnUVV6djZhTXNTbnNrclJyVnBOCmxSemt6SWFCd1ZRd0RRWUpLb1pJaHZjTkFRRUxCUUFEZ2dJQkFJelRvL1RhOWJVVzNST2FUS0NCUklxMHFldnEKdXVjSUl4MHpzOXArL1hiVS91aFJITDZxWVJKbkliSGFLcTNEak1zMi81MHpNa2VGdVR5WGg0YkxheHI4UHgzMgo2NVMwaEpJY01iMTNCZmNBeWhNS1lOSm5ySnZMMVRZRFgrMXkzaGNZT1hGTEVTaEZ0U09mUXFSalRYd0gxR2drCmpVYmRvNDlDdHorelp2S212K2E3aW1IcSs0NFR1S2xqL2dNZCtzRS9oWXZrNEJzM25JVENrUzhXTmtHR2tWcm4KbzRnZDhMMHdWaDF5dGRVSDlPWk1mS3ZRK3NxdHJsNVhJdEZGcW4xTU05blpWa28rU2plMnhYemIyNlVOMGdZZQpoK1ZQM2RmbXQrN2pjZjU2T3RscXdjay9OQk9WUmhvcGJ3bUs1NWRjc0VnenpsUG9EZnVNODZORS9PeWx2U2JICjhweTFoRFJadDl4Rml3RHV6Z1ZWQW5Pb0hSTkR5cmcxb2UyWU9VcFNnQ3NZTjFoUThzZ1dzY28yWTJudUkvRmEKdlNZRUdDMFU4UkFhR1BMNVFOVkh5NGtiZUxhV1MxOXZUWVJTbnRjd3RJV1ozdXFzQ3cxNFpJbkxncEZkYytDQgpwNWhJZUUrL0VJR09nTFV5TFJxL1ZEcEVxZC9pYTZxMWJKb2V4cXJ2cFlmdFE3aXpWekZlcmo5MmRtWHk0aFBtClNudytOYzU1d0lMSzVKeGV5SFRCT2RFQ3h6Vzl6MnBXUzVpWlBtL2Y1V2UvU2xudjNRY0ZQSWNxdklLSHczN1gKRWJnMjlvN3VYQmNoTGlYSThkNENyR1UzYjhIL1lsSUlLeEw1N1RWTU9DeTVDMlB1UzRKbHBwRFgxa0JNdTk2SQo2czdMYUljWklOUlIxL2tZCi0tLS0tRU5EIENFUlRJRklDQVRFLS0tLS0K\n    server: https://micro-application-cluster-35mtn1jk.hcp.eastus.azmk8s.io:443\n  name: micro-application-cluster-aks\ncontexts:\n- context:\n    cluster: micro-application-cluster-aks\n    user: clusterUser_micro-application_micro-application-cluster-aks\n  name: micro-application-cluster-aks\ncurrent-context: micro-application-cluster-aks\nkind: Config\npreferences: {}\nusers:\n- name: clusterUser_micro-application_micro-application-cluster-aks\n  user:\n    client-certificate-data: LS0tLS1CRUdJTiBDRVJUSUZJQ0FURS0tLS0tCk1JSUZIakNDQXdhZ0F3SUJBZ0lSQUkzODRRaHFUS0JFYlc3eXNNYmsrd0F3RFFZSktvWklodmNOQVFFTEJRQXcKRFRFTE1Ba0dBMVVFQXhNQ1kyRXdIaGNOTWpReE1UQXhNVEF6TnpReldoY05Nall4TVRBeE1UQTBOelF6V2pBdwpNUmN3RlFZRFZRUUtFdzV6ZVhOMFpXMDZiV0Z6ZEdWeWN6RVZNQk1HQTFVRUF4TU1iV0Z6ZEdWeVkyeHBaVzUwCk1JSUNJakFOQmdrcWhraUc5dzBCQVFFRkFBT0NBZzhBTUlJQ0NnS0NBZ0VBcUFnaDdZVmpjZTdPdmZPeWx1aVoKU3J1OVhnREUrS0lkOFZsTFczWHVEWHJHWEh1V3BtL2JVaHR2TDcvanRBbk5EOVpEK3Y2Qk55VlZXeDVIN0ZobgpzRnhzMkVQZWtFREpENmh6Z2p5Nml6bXdpVGI0eUFvS0gxRGNBdTBJVFM1Uk9PbFZQVjNTZkNoK0RWTjhnZUZPClVST21pZ2RPOTJ4REZnUTJFdVIyNTNMOXpBdFdYZnV5R0FrRHIrQ3AyeHVJTko1MWxzUzdPK2JoZEN4QXhFTXcKL0pSb0svM05pSk8wSUJyNnlWRzNrNUVmcFBVRHdkclk5c1BubW8wNkU3NnhPdnlmSDVvL0N3aStmM3hnR3BPUQpnMFJZejNlaWZJcHRxYnFkT1IzVnZFNEZLME9nRmhvaUdHVUdlTzJOcXVZaHBISTZ3S094cmtiN3Azc1dPaytwCjQyb0JBRTNDSVZGL0tjUGdDdWtCSk5uaWxEN0c1UU9CMy9BZ3JvQ3JlMkZJY3EwUUM1V013OGZIMHVNNXY3eFoKcHJTeXhNNS9oTTl4L2hhK1NpUUk5dzgweHZaUDlmRzkvUzFTUlB2bUNIL05nRFNYUmFPR0VlZnhvQ2xHT3h5RgoxSzczMnNhbWdjY3lrS2VxYnNiY2RWb3VXV3MyckZTM2pvSERWbXZQeFp1ellMZi8vS0E4L1oxR2t4VnZBeU13ClpoeUNPaVEzZ250VFh4YUljdFA5VHFGWFFldDhrVWhCQnNuQmxWY2piYUl1enExTDBpck90eTNRc3JCWmNDQnYKL2lPNFpKRUVra0prSFNQc0JScGtuV0R4dmM0cC9OYkFuSUlwazNCUzNCN2lxb1hGS2h3NEt2VElDZVVMMDg0RgpLeXcxN2ZqYXIxZkh1SWZhaGFmSlM4VUNBd0VBQWFOV01GUXdEZ1lEVlIwUEFRSC9CQVFEQWdXZ01CTUdBMVVkCkpRUU1NQW9HQ0NzR0FRVUZCd01DTUF3R0ExVWRFd0VCL3dRQ01BQXdId1lEVlIwakJCZ3dGb0FVenY2YU1zU24Kc2tyUnJWcE5sUnpreklhQndWUXdEUVlKS29aSWh2Y05BUUVMQlFBRGdnSUJBRm9hbWlPcm1hL1FzUVFFQnBrQQpmb3Z1RG9oMmFkS0pBQnZSUnN1Q2QwTFpqUGtnelJ5UzJDMWczSHdveDNCZ0NqL3Q4USsvUWUvc1NkejZtVk1qCnNRd2tXRGFTUGtRdUNDRDBYbWlzdVB2NkRzZTBZcVRscXNIYzBIQnZmK3M3MnEvWjg5Q3JSTU1CQllmeGllSzQKVU01VjdUczQzSFFBV2NoYTZuOEhMV29wV0tIeFB0cnVrbnhjMEZ4cEkrQU5iRjFENUx6YnVyd0J1Q21uRzRyWgpjWjdoWm9xRVA2SVh4aHVOd0d3aURoM1UwUFl0RHFaYTExL0szam9DL0ZPRGpDUStXUThDQVlLdEtwVDF4NStOCmdDNE9NVTQxTWFMaS85VENnek5HcU9ZSmFubHQ5KzlEQXA1ZXlxWDl1SSttZlN4bWNYVUR3bCtYN1lxVzRUalIKUkFteG5RRXlhbVFkVjI4UU1sdkU4czB4UHgvM2ZnN0xMQXE3L0IzTEVJL3FzbzMrdWo5OENzdStiSzIzd1J2RQpyYlE3b0ZxQ3JTMlczUVpSTUYyWHp4YTQzTENUQnlKUVZ5S2hLSkdia0xIYm5jaFJ6Y3A2aDNuRnJUZTRQaHJYCi9mOFZ3aktZNjkrek5GU1FQdFpkcEJ4dEMwYlZodU9Zdy9sYkNGSHRTRjlWU092TUdMOW93OFVKQnkrN1Uxc3IKcEozNTRhbGFGQkdjcklIMlFsYklXUFUrRmlrSTBhV2pMWlBXeDNwa2txYzBkNk4rSXhQVDJQcktNekIwL0VBdQpWVDhnM2IvcXZHa2ZkejRhM1lvUVdhQ1F5T0xWLzAxTVVjUG9HUnhHMVVlK0lOejJ3WTNFNUtxMWRWOE45Rm9tCk50ZTBSWmxRQThWM08xM2crR2hPbWkxNwotLS0tLUVORCBDRVJUSUZJQ0FURS0tLS0tCg==\n    client-key-data: LS0tLS1CRUdJTiBSU0EgUFJJVkFURSBLRVktLS0tLQpNSUlKS1FJQkFBS0NBZ0VBcUFnaDdZVmpjZTdPdmZPeWx1aVpTcnU5WGdERStLSWQ4VmxMVzNYdURYckdYSHVXCnBtL2JVaHR2TDcvanRBbk5EOVpEK3Y2Qk55VlZXeDVIN0ZobnNGeHMyRVBla0VESkQ2aHpnank2aXptd2lUYjQKeUFvS0gxRGNBdTBJVFM1Uk9PbFZQVjNTZkNoK0RWTjhnZUZPVVJPbWlnZE85MnhERmdRMkV1UjI1M0w5ekF0VwpYZnV5R0FrRHIrQ3AyeHVJTko1MWxzUzdPK2JoZEN4QXhFTXcvSlJvSy8zTmlKTzBJQnI2eVZHM2s1RWZwUFVECndkclk5c1BubW8wNkU3NnhPdnlmSDVvL0N3aStmM3hnR3BPUWcwUll6M2VpZklwdHFicWRPUjNWdkU0RkswT2cKRmhvaUdHVUdlTzJOcXVZaHBISTZ3S094cmtiN3Azc1dPaytwNDJvQkFFM0NJVkYvS2NQZ0N1a0JKTm5pbEQ3Rwo1UU9CMy9BZ3JvQ3JlMkZJY3EwUUM1V013OGZIMHVNNXY3eFpwclN5eE01L2hNOXgvaGErU2lRSTl3ODB4dlpQCjlmRzkvUzFTUlB2bUNIL05nRFNYUmFPR0VlZnhvQ2xHT3h5RjFLNzMyc2FtZ2NjeWtLZXFic2JjZFZvdVdXczIKckZTM2pvSERWbXZQeFp1ellMZi8vS0E4L1oxR2t4VnZBeU13Wmh5Q09pUTNnbnRUWHhhSWN0UDlUcUZYUWV0OAprVWhCQnNuQmxWY2piYUl1enExTDBpck90eTNRc3JCWmNDQnYvaU80WkpFRWtrSmtIU1BzQlJwa25XRHh2YzRwCi9OYkFuSUlwazNCUzNCN2lxb1hGS2h3NEt2VElDZVVMMDg0Rkt5dzE3ZmphcjFmSHVJZmFoYWZKUzhVQ0F3RUEKQVFLQ0FnQnhGdWdld0FPcURwdStaR0h5QnlJRWxrNWhFZ3QvZXp6RHp1RlU4UTRDckhzTWkzRmRHek4xRTFuRgp2VlEzTzlGenN6V1ZtK3pEZkxEeDNuTnhzaDQzS0QxcFlHUk9tZ3U0S2h0enNBT3M2R3JVTHRkSmF0aGRNMEtnCkJYL3MwaHVBUGlwTVh2VG04eW5ETmtrNThMV1JBN1MyZVN6QWdYQzFSS2hRRnN1Z0FsaW1GNHROUGJValVBM1gKTlZHY1VlOWQycmd4Zkw2M0ZqRHV5MG5ielkwT3NhTmEyRHFZalRCUjIxYW1ZQVU1b0JhNEl0OGdmWFpBdnFFRgo5Nzc2d3dEdFBsQ3FLRm45eHlqUERKcHh5SmNlZ2NWei9JU3paVWRoVUdPNHFVZk1zSVh5RkZXT0NwQ2Y4bjVrCnJSMEh4Rk1vSm1rOGRlK0Q1K28vVWl3bm1xNHZkVmZTUFFMdlFzR0UyZlAwQWcxRmRLNFJINm8wVUtGNEttQzAKMHRiSk1wbmNEZXVtamlOOTBhZmR1WjB0YU0xdDVOYTZ5VzVjdmlvSjRZWXA5NXhNOGZRR0tsN2tLZUVRWDJ0VwpnZnFJUjZiRTN1M0JpMk4rSU5pT3JXK2VqYnAvbVRuTFR6ZnRuTExNNmRnN1NkeGhXZjJiZ0FuWWhzUUx6T2FrCmkrNlVXZHIyNFYxVjRINDRWdWtkTHg0cnFIMnpkdzVwTGpQT29NQUpIdVNWbGthNHJUQko2ZFBDMFhDTmQ5NTcKZnlhQUVEQzJLV1llM1VEMGtkRW16Q0FLZnA2VzNXVEFvZ0o0OWlBT2d5Uml6dXpHSzJIZHBqaEluTnVpK2xJSwpIV2t5UWNBd29oNS9rNzc4L3c1eW9JendTYnZZQVM4cEkyUTVkSExoZjhsRU83ODRnUUtDQVFFQTBsSnovdHluCmJQcjEwaUJUNWFoZkR0WHBMT0c2WW1zUEQrVWtsTFdTQWppK1hncGE4RlNYQnA0N201UU9QemM3dnNWOGdNZFMKbmFNeDVpTlMrUlJzMWo5QS9aNE8zVUE2SWQ2ZDkxTlc2RDdGL0dvbjM1ZzRlZ0RiL0V0L25WWHNYNlZkUy8rcQpWdjVWTXFBNFNjTllhOG8ycmI1RjVOTVQ5ZkxmNXRYVzNsYXZIcXQ2a001aGRpMm5DaDg2Qmc3YndrMmVKdWI3CkIxK2FiQW00eWlya1ZySWVoazZ0cWRSbnpzTUpLS3ZxR2pUTGFIZTh0TUorSER6MWk2bk1OM3NTY0Ivb21IbmkKa1BCdUhoQ1UwL1EweTd1S3B0MnhPMFhEeWcxb204b0lrZnBidjNZclY3YzZwRENRbzR5Nkp4Sm1pcndHb3Z5VQpUa2EvYjU2NGpNUzVQUUtDQVFFQXpJWnBGY2RqRDg4ck4rRUVvb2VhQlNsSVpKZnplYlJ5T2VqeEdGbnlzaTNlCmtBY3NUaVlGTmlNR1JBZ3VIMlZoTEhVQSsrQ2FJTjRNMHpWSWt6b3BKUGIyUm53WTJhSFpiQUg2R1hBY3hEVDQKNmxHUDd3ampDZTlJaEYrVTU0a3FEdlhKWFpFYlZ6aTBHd3lORWp6cWtBQ0NIOElKaGkwaEMwRXF3R1AxRFVaUApPMS92UWF1ZHVZNmFJMEEzQmw4bndDNXV2UXd6U3VvZmNoNEh4WE1rMUtKRHhOZDBBNGhTNEhXQ1BGYVpNdlRBCm1xMjYyb3k4RlF5cWhGR0lHdlVITmxsVFg2dllKNTAyZzcxRkh2OTdGYnZldlpYbFliMnBsSEhhcFc4SkhZRU4Kc0FEWFZaQmZkYjEzMG9FcFdvdG15V2wvOXRCL0MvQ0RhL3JkM0lZMUtRS0NBUUVBc2p5RDVxRXlGYTRiOG9YSQo4NkFiWnFRckpnanBmZ3hDU0hNazdBMXZmZ2grYzQyTkFZeCtMSEtlQ3p1T1UwNUlpR1F1SGFoTlFDQVQ0bmRmCkVveVhxMzBSWTV5MTloUSs3NE1NRlpQLzIzT1BMMWo3RDRhZG5lN3Fmc1d3a1RKR3pjdUM1Q3YzUEIvdkxhY1AKN0pycWJQYUNIZjFZbUJHMUljSkFzd3ZYT3JiMVV5VjVDZ3lNRmEyY21IeGNITlFzc2w0NnY3Y1JWMjlTbTJvbAp1dFpjaVlnTFRFQ1M5WkIycEljdVZOUlQ0UCtLdmE1ek1qQjgxUXRuLzRMVytOR0lqNUxLOTZTYk43ODVZcXNrCnBQYVlZMnM4bGlyYnptSlNDUUlSKzZ4Y1ZQRjVIU2xVazlKSWxPby9PUXJDbXVnQ0ZHSkJzWkFoVXJDci9UamkKSnhGejlRS0NBUUFQZXB5NWFUMjJGSmZRd3RiMjlneFNGNjNDN3owZUdPb01OL1VIUXNkN2RMMURhVWVSSW8rQwphV1F3QWU1N3NkQ0k3TklHUGhsc0kySVZHaE5FRVVMTDZXVDZNS293em04R0hhQXdES3dncldHcFdrTHFkR0c2CmZzR2VReDJoNkYrbWdqT2JRVUF3ZWJvbjBldGJWZ0RxcFI4MENCdHdiRG4wQUJxY05QUjI3THRTWXhCWWlBU0gKNXFNRHgvaGlJeEYvR2dTSGlrVFhocUNhb21zMEptTEROUVNzQVNKbW9ncWpza0VKRUFUSU5uM2ROd2pOUVpsNgpmbHJwYU1KRVNBY2p0ZDc1ZnFmOVY0aW9yOHByYmlxQ21wVmhBOWM0Ym9KSEdkYlNiblRpSnNKQ2I4M2NTL0R0Cm1FbFpSUzA4RFJEYWJZR2h6R1hSSVlMUXlVdkJST2NCQW9JQkFRQ051Nk9VQWdyYTgrUC9aYnZxSXZ5SmlTZzgKZ1ZIZVZ5Q09PZlBuMXNYWjV2akUrOU15UXpvb3lUNTRiVitNdlRsSFZKUGVWNDhxMlJ4UzhpUGNyWmVMRk4xVwpUSDZHOWlNSU13U0lFazBWd2ZoaEg2WkNyR0gwclNLWXZpd1dJMW8vRURCaHowLzMvWFVxYVRSYjhneWFpVEZXCjFkT3laeXdQd2JldXMxTG0wTCtnMkJrVUZvdjF1ZitCM0g4MnNOa0t0WUttdHB1RGdvN05QckYyUE1ZWjlZK1AKY1dXT092UFNIdEJKd3Fza2FjRjh1Q3FzK1ptRmdTcFlxbnBBVTd4amhURi94TTdMQTlBTTFHUGFVckdZOWQ1eApQdkxCUVVaWFg1YlFEb0ZtVi9aKzYrbXYxc2dTVHdsaHNFNkJqR1FMVmdqdmR4Uk5NczE5UFNSL2NuWFoKLS0tLS1FTkQgUlNBIFBSSVZBVEUgS0VZLS0tLS0K\n    token: zz56ri02o5sjpjlvnqrnc91yb831fme3qbtofp767dkuu5yu3zc8w9l9pv8l3m0o3a4oumd978c17inw0szza1if1oheh7u3x8nobpe1tvm2qdrymx3dqvox1y7de57m\n",
            "kubelet_identity": [
              {
                "client_id": "c9a24fff-0f70-442d-8130-b73cca7cb970",
                "object_id": "313f6de6-80fa-4086-a61d-8e3bbf314c94",
                "user_assigned_identity_id": "/subscriptions/019b389a-bbcd-4a53-89ea-e65cbf7bce18/resourceGroups/MC_micro-application_micro-application-cluster-aks_eastus/providers/Microsoft.ManagedIdentity/userAssignedIdentities/micro-application-cluster-aks-agentpool"
              }
            ],
            "kubernetes_version": "1.30",
            "linux_profile": [],
            "local_account_disabled": false,
            "location": "eastus",
            "maintenance_window": [],
            "maintenance_window_auto_upgrade": [],
            "maintenance_window_node_os": [],
            "microsoft_defender": [],
            "monitor_metrics": [],
            "name": "micro-application-cluster-aks",
            "network_profile": [
              {
                "dns_service_ip": "10.0.0.10",
                "docker_bridge_cidr": "",
                "ebpf_data_plane": "",
                "ip_versions": [
                  "IPv4"
                ],
                "load_balancer_profile": [
                  {
                    "effective_outbound_ips": [
                      "/subscriptions/019b389a-bbcd-4a53-89ea-e65cbf7bce18/resourceGroups/MC_micro-application_micro-application-cluster-aks_eastus/providers/Microsoft.Network/publicIPAddresses/4b73ed22-586d-438a-93f2-70edb286a62c"
                    ],
                    "idle_timeout_in_minutes": 0,
                    "managed_outbound_ip_count": 1,
                    "managed_outbound_ipv6_count": 0,
                    "outbound_ip_address_ids": [],
                    "outbound_ip_prefix_ids": [],
                    "outbound_ports_allocated": 0
                  }
                ],
                "load_balancer_sku": "standard",
                "nat_gateway_profile": [],
                "network_data_plane": "azure",
                "network_mode": "",
                "network_plugin": "azure",
                "network_plugin_mode": "",
                "network_policy": "azure",
                "outbound_ip_address_ids": [],
                "outbound_ip_prefix_ids": [],
                "outbound_type": "loadBalancer",
                "pod_cidr": "",
                "pod_cidrs": [],
                "service_cidr": "10.0.0.0/16",
                "service_cidrs": [
                  "10.0.0.0/16"
                ]
              }
            ],
            "node_os_channel_upgrade": null,
            "node_resource_group": "MC_micro-application_micro-application-cluster-aks_eastus",
            "node_resource_group_id": "/subscriptions/019b389a-bbcd-4a53-89ea-e65cbf7bce18/resourceGroups/MC_micro-application_micro-application-cluster-aks_eastus",
            "oidc_issuer_enabled": true,
            "oidc_issuer_url": "https://eastus.oic.prod-aks.azure.com/eaf624c8-a0c4-4195-87d2-443e5d7516cd/1787ec8e-f7a2-429a-9da6-7caf69611570/",
            "oms_agent": [],
            "open_service_mesh_enabled": null,
            "portal_fqdn": "micro-application-cluster-35mtn1jk.portal.hcp.eastus.azmk8s.io",
            "private_cluster_enabled": false,
            "private_cluster_public_fqdn_enabled": false,
            "private_dns_zone_id": "",
            "private_fqdn": "",
            "public_network_access_enabled": true,
            "resource_group_name": "micro-application",
            "role_based_access_control_enabled": true,
            "run_command_enabled": true,
            "service_mesh_profile": [],
            "service_principal": [],
            "sku_tier": "Free",
            "storage_profile": [],
            "support_plan": "KubernetesOfficial",
            "tags": {
              "Application": "micro",
              "Author": "Mostafa (Melsayed)"
            },
            "timeouts": null,
            "web_app_routing": [],
            "windows_profile": [
              {
                "admin_password": "",
                "admin_username": "azureuser",
                "gmsa": [],
                "license": ""
              }
            ],
            "workload_autoscaler_profile": [],
            "workload_identity_enabled": true
          },
          "sensitive_attributes": [
            [
              {
                "type": "get_attr",
                "value": "kube_admin_config_raw"
              }
            ],
            [
              {
                "type": "get_attr",
                "value": "kube_config_raw"
              }
            ],
            [
              {
                "type": "get_attr",
                "value": "kube_config"
              }
            ],
            [
              {
                "type": "get_attr",
                "value": "kube_admin_config"
              }
            ],
            [
              {
                "type": "get_attr",
                "value": "windows_profile"
              },
              {
                "type": "index",
                "value": {
                  "value": 0,
                  "type": "number"
                }
              },
              {
                "type": "get_attr",
                "value": "admin_password"
              }
            ]
          ],
          "private": "eyJlMmJmYjczMC1lY2FhLTExZTYtOGY4OC0zNDM2M2JjN2M0YzAiOnsiY3JlYXRlIjo1NDAwMDAwMDAwMDAwLCJkZWxldGUiOjU0MDAwMDAwMDAwMDAsInJlYWQiOjMwMDAwMDAwMDAwMCwidXBkYXRlIjo1NDAwMDAwMDAwMDAwfSwic2NoZW1hX3ZlcnNpb24iOiIyIn0=",
          "dependencies": [
            "azurerm_resource_group.main",
            "module.aks.azurerm_log_analytics_workspace.main",
            "module.aks.data.azurerm_resource_group.main",
            "module.aks.null_resource.kubernetes_cluster_name_keeper",
            "module.aks.tls_private_key.ssh",
            "module.network.azurerm_subnet.subnet",
            "module.network.azurerm_subnet_nat_gateway_association.nat_gw",
            "module.network.azurerm_subnet_network_security_group_association.vnet",
            "module.network.azurerm_subnet_route_table_association.vnet",
            "module.network.azurerm_virtual_network.vnet",
            "module.network.azurerm_virtual_network_dns_servers.vnet_dns"
          ],
          "create_before_destroy": true
        }
      ]
    },
    {
      "module": "module.aks",
      "mode": "managed",
      "type": "azurerm_log_analytics_workspace",
      "name": "main",
      "provider": "provider[\"registry.terraform.io/hashicorp/azurerm\"]",
      "instances": []
    },
    {
      "module": "module.aks",
      "mode": "managed",
      "type": "null_resource",
      "name": "kubernetes_cluster_name_keeper",
      "provider": "provider[\"registry.terraform.io/hashicorp/null\"]",
      "instances": [
        {
          "schema_version": 0,
          "attributes": {
            "id": "988495968",
            "triggers": {
              "name": "micro-application-cluster-aks"
            }
          },
          "sensitive_attributes": [],
          "dependencies": [
            "azurerm_resource_group.main",
            "module.network.azurerm_subnet.subnet",
            "module.network.azurerm_subnet_nat_gateway_association.nat_gw",
            "module.network.azurerm_subnet_network_security_group_association.vnet",
            "module.network.azurerm_subnet_route_table_association.vnet",
            "module.network.azurerm_virtual_network.vnet",
            "module.network.azurerm_virtual_network_dns_servers.vnet_dns"
          ],
          "create_before_destroy": true
        }
      ]
    },
    {
      "module": "module.aks",
      "mode": "managed",
      "type": "null_resource",
      "name": "kubernetes_version_keeper",
      "provider": "provider[\"registry.terraform.io/hashicorp/null\"]",
      "instances": [
        {
          "schema_version": 0,
          "attributes": {
            "id": "46149694",
            "triggers": {
              "version": "1.30"
            }
          },
          "sensitive_attributes": [],
          "dependencies": [
            "azurerm_resource_group.main",
            "module.network.azurerm_subnet.subnet",
            "module.network.azurerm_subnet_nat_gateway_association.nat_gw",
            "module.network.azurerm_subnet_network_security_group_association.vnet",
            "module.network.azurerm_subnet_route_table_association.vnet",
            "module.network.azurerm_virtual_network.vnet",
            "module.network.azurerm_virtual_network_dns_servers.vnet_dns"
          ],
          "create_before_destroy": true
        }
      ]
    },
    {
      "module": "module.aks",
      "mode": "managed",
      "type": "tls_private_key",
      "name": "ssh",
      "provider": "provider[\"registry.terraform.io/hashicorp/tls\"]",
      "instances": []
    },
    {
      "module": "module.network",
      "mode": "managed",
      "type": "azurerm_subnet",
      "name": "subnet",
      "provider": "provider[\"registry.terraform.io/hashicorp/azurerm\"]",
      "instances": [
        {
          "index_key": "aks",
          "schema_version": 0,
          "attributes": {
            "address_prefixes": [
              "10.52.0.0/16"
            ],
            "default_outbound_access_enabled": true,
            "delegation": [],
            "enforce_private_link_endpoint_network_policies": false,
            "enforce_private_link_service_network_policies": false,
            "id": "/subscriptions/019b389a-bbcd-4a53-89ea-e65cbf7bce18/resourceGroups/micro-application/providers/Microsoft.Network/virtualNetworks/micro-application-vnet/subnets/aks",
            "name": "aks",
            "private_endpoint_network_policies": "Enabled",
            "private_endpoint_network_policies_enabled": true,
            "private_link_service_network_policies_enabled": true,
            "resource_group_name": "micro-application",
            "service_endpoint_policy_ids": [],
            "service_endpoints": [
              "Microsoft.Storage"
            ],
            "timeouts": null,
            "virtual_network_name": "micro-application-vnet"
          },
          "sensitive_attributes": [],
          "private": "eyJlMmJmYjczMC1lY2FhLTExZTYtOGY4OC0zNDM2M2JjN2M0YzAiOnsiY3JlYXRlIjoxODAwMDAwMDAwMDAwLCJkZWxldGUiOjE4MDAwMDAwMDAwMDAsInJlYWQiOjMwMDAwMDAwMDAwMCwidXBkYXRlIjoxODAwMDAwMDAwMDAwfX0=",
          "dependencies": [
            "azurerm_resource_group.main",
            "module.network.azurerm_virtual_network.vnet",
            "module.network.azurerm_virtual_network_dns_servers.vnet_dns"
          ],
          "create_before_destroy": true
        }
      ]
    },
    {
      "module": "module.network",
      "mode": "managed",
      "type": "azurerm_virtual_network",
      "name": "vnet",
      "provider": "provider[\"registry.terraform.io/hashicorp/azurerm\"]",
      "instances": [
        {
          "schema_version": 0,
          "attributes": {
            "address_space": [
              "10.52.0.0/16"
            ],
            "bgp_community": "",
            "ddos_protection_plan": [],
            "dns_servers": [],
            "edge_zone": "",
            "encryption": [],
            "flow_timeout_in_minutes": 0,
            "guid": "52855715-83f8-4e01-8478-dbd614e2fa38",
            "id": "/subscriptions/019b389a-bbcd-4a53-89ea-e65cbf7bce18/resourceGroups/micro-application/providers/Microsoft.Network/virtualNetworks/micro-application-vnet",
            "location": "eastus",
            "name": "micro-application-vnet",
            "resource_group_name": "micro-application",
            "subnet": [
              {
                "address_prefix": "10.52.0.0/16",
                "id": "/subscriptions/019b389a-bbcd-4a53-89ea-e65cbf7bce18/resourceGroups/micro-application/providers/Microsoft.Network/virtualNetworks/micro-application-vnet/subnets/aks",
                "name": "aks",
                "security_group": ""
              }
            ],
            "tags": {
              "Application": "micro",
              "Author": "Mostafa (Melsayed)"
            },
            "timeouts": null
          },
          "sensitive_attributes": [],
          "private": "eyJlMmJmYjczMC1lY2FhLTExZTYtOGY4OC0zNDM2M2JjN2M0YzAiOnsiY3JlYXRlIjoxODAwMDAwMDAwMDAwLCJkZWxldGUiOjE4MDAwMDAwMDAwMDAsInJlYWQiOjMwMDAwMDAwMDAwMCwidXBkYXRlIjoxODAwMDAwMDAwMDAwfX0=",
          "dependencies": [
            "azurerm_resource_group.main"
          ],
          "create_before_destroy": true
        }
      ]
    },
    {
      "module": "module.network",
      "mode": "managed",
      "type": "azurerm_virtual_network_dns_servers",
      "name": "vnet_dns",
      "provider": "provider[\"registry.terraform.io/hashicorp/azurerm\"]",
      "instances": []
    }
  ],
  "check_results": [
    {
      "object_kind": "var",
      "config_addr": "module.aks.var.log_analytics_solution",
      "status": "pass",
      "objects": [
        {
          "object_addr": "module.aks.var.log_analytics_solution",
          "status": "pass"
        }
      ]
    },
    {
      "object_kind": "resource",
      "config_addr": "module.aks.azurerm_role_assignment.application_gateway_existing_vnet_network_contributor",
      "status": "pass",
      "objects": null
    },
    {
      "object_kind": "var",
      "config_addr": "module.network.var.virtual_network_address_space",
      "status": "pass",
      "objects": [
        {
          "object_addr": "module.network.var.virtual_network_address_space",
          "status": "pass"
        }
      ]
    },
    {
      "object_kind": "var",
      "config_addr": "module.aks.var.sku_tier",
      "status": "pass",
      "objects": [
        {
          "object_addr": "module.aks.var.sku_tier",
          "status": "pass"
        }
      ]
    },
    {
      "object_kind": "var",
      "config_addr": "module.aks.var.support_plan",
      "status": "pass",
      "objects": [
        {
          "object_addr": "module.aks.var.support_plan",
          "status": "pass"
        }
      ]
    },
    {
      "object_kind": "var",
      "config_addr": "module.aks.var.identity_type",
      "status": "pass",
      "objects": [
        {
          "object_addr": "module.aks.var.identity_type",
          "status": "pass"
        }
      ]
    },
    {
      "object_kind": "resource",
      "config_addr": "module.aks.azurerm_kubernetes_cluster_node_pool.node_pool_create_after_destroy",
      "status": "pass",
      "objects": null
    },
    {
      "object_kind": "resource",
      "config_addr": "module.aks.azurerm_role_assignment.application_gateway_byo_vnet_network_contributor",
      "status": "pass",
      "objects": null
    },
    {
      "object_kind": "resource",
      "config_addr": "module.aks.azurerm_role_assignment.network_contributor_on_subnet",
      "status": "pass",
      "objects": [
        {
          "object_addr": "module.aks.azurerm_role_assignment.network_contributor_on_subnet[\"aks\"]",
          "status": "pass"
        }
      ]
    },
    {
      "object_kind": "var",
      "config_addr": "module.aks.var.green_field_application_gateway_for_ingress",
      "status": "pass",
      "objects": [
        {
          "object_addr": "module.aks.var.green_field_application_gateway_for_ingress",
          "status": "pass"
        }
      ]
    },
    {
      "object_kind": "var",
      "config_addr": "module.aks.var.http_proxy_config",
      "status": "pass",
      "objects": [
        {
          "object_addr": "module.aks.var.http_proxy_config",
          "status": "pass"
        }
      ]
    },
    {
      "object_kind": "resource",
      "config_addr": "module.aks.azurerm_role_assignment.network_contributor",
      "status": "pass",
      "objects": null
    },
    {
      "object_kind": "var",
      "config_addr": "module.network.var.virtual_network_flow_timeout_in_minutes",
      "status": "pass",
      "objects": [
        {
          "object_addr": "module.network.var.virtual_network_flow_timeout_in_minutes",
          "status": "pass"
        }
      ]
    },
    {
      "object_kind": "var",
      "config_addr": "module.aks.var.kms_key_vault_network_access",
      "status": "pass",
      "objects": [
        {
          "object_addr": "module.aks.var.kms_key_vault_network_access",
          "status": "pass"
        }
      ]
    },
    {
      "object_kind": "var",
      "config_addr": "module.aks.var.auto_scaler_profile_expander",
      "status": "pass",
      "objects": [
        {
          "object_addr": "module.aks.var.auto_scaler_profile_expander",
          "status": "pass"
        }
      ]
    },
    {
      "object_kind": "resource",
      "config_addr": "module.aks.azurerm_log_analytics_workspace.main",
      "status": "pass",
      "objects": null
    },
    {
      "object_kind": "resource",
      "config_addr": "module.aks.azurerm_kubernetes_cluster_node_pool.node_pool_create_before_destroy",
      "status": "pass",
      "objects": null
    },
    {
      "object_kind": "resource",
      "config_addr": "module.aks.azurerm_role_assignment.existing_application_gateway_contributor",
      "status": "pass",
      "objects": null
    },
    {
      "object_kind": "var",
      "config_addr": "module.aks.var.automatic_channel_upgrade",
      "status": "pass",
      "objects": [
        {
          "object_addr": "module.aks.var.automatic_channel_upgrade",
          "status": "pass"
        }
      ]
    },
    {
      "object_kind": "var",
      "config_addr": "module.aks.var.load_balancer_sku",
      "status": "pass",
      "objects": [
        {
          "object_addr": "module.aks.var.load_balancer_sku",
          "status": "pass"
        }
      ]
    },
    {
      "object_kind": "resource",
      "config_addr": "module.aks.azurerm_kubernetes_cluster.main",
      "status": "pass",
      "objects": [
        {
          "object_addr": "module.aks.azurerm_kubernetes_cluster.main",
          "status": "pass"
        }
      ]
    }
  ]
}
